// !$*UTF8*$!
{
	archiveVersion = 1;
	classes = {
	};
	objectVersion = 46;
	objects = {

/* Begin PBXBuildFile section */
		2B1ACC521D6081DC00303BFC /* CollectionViewExampleViewController.m in Sources */ = {isa = PBXBuildFile; fileRef = 2B1ACC261D6081DC00303BFC /* CollectionViewExampleViewController.m */; };
		2B1ACC531D6081DC00303BFC /* CollectionViewItem.m in Sources */ = {isa = PBXBuildFile; fileRef = 2B1ACC281D6081DC00303BFC /* CollectionViewItem.m */; };
		2B1ACC541D6081DC00303BFC /* ExampleCollectionViewCell.m in Sources */ = {isa = PBXBuildFile; fileRef = 2B1ACC2A1D6081DC00303BFC /* ExampleCollectionViewCell.m */; };
		2B1ACC551D6081DC00303BFC /* FormularViewController.m in Sources */ = {isa = PBXBuildFile; fileRef = 2B1ACC2C1D6081DC00303BFC /* FormularViewController.m */; };
		2B1ACC561D6081DC00303BFC /* LayoutAnimationsViewController.m in Sources */ = {isa = PBXBuildFile; fileRef = 2B1ACC2E1D6081DC00303BFC /* LayoutAnimationsViewController.m */; };
		2B1ACC571D6081DC00303BFC /* MainViewController.m in Sources */ = {isa = PBXBuildFile; fileRef = 2B1ACC301D6081DC00303BFC /* MainViewController.m */; };
		2B1ACC581D6081DC00303BFC /* InfoPlist.strings in Resources */ = {isa = PBXBuildFile; fileRef = 2B1ACC311D6081DC00303BFC /* InfoPlist.strings */; };
		2B1ACC591D6081DC00303BFC /* Images.xcassets in Resources */ = {isa = PBXBuildFile; fileRef = 2B1ACC331D6081DC00303BFC /* Images.xcassets */; };
		2B1ACC5A1D6081DC00303BFC /* Info.plist in Resources */ = {isa = PBXBuildFile; fileRef = 2B1ACC341D6081DC00303BFC /* Info.plist */; };
		2B1ACC5B1D6081DC00303BFC /* main.m in Sources */ = {isa = PBXBuildFile; fileRef = 2B1ACC351D6081DC00303BFC /* main.m */; };
		2B1ACC5C1D6081DC00303BFC /* button_color.xml in Resources */ = {isa = PBXBuildFile; fileRef = 2B1ACC391D6081DC00303BFC /* button_color.xml */; };
		2B1ACC5D1D6081DC00303BFC /* android.jpg in Resources */ = {isa = PBXBuildFile; fileRef = 2B1ACC3B1D6081DC00303BFC /* android.jpg */; };
		2B1ACC5E1D6081DC00303BFC /* background1.xml in Resources */ = {isa = PBXBuildFile; fileRef = 2B1ACC3C1D6081DC00303BFC /* background1.xml */; };
		2B1ACC5F1D6081DC00303BFC /* button_background.xml in Resources */ = {isa = PBXBuildFile; fileRef = 2B1ACC3D1D6081DC00303BFC /* button_background.xml */; };
		2B1ACC601D6081DC00303BFC /* button_disabled.9@2x.png in Resources */ = {isa = PBXBuildFile; fileRef = 2B1ACC3E1D6081DC00303BFC /* button_disabled.9@2x.png */; };
		2B1ACC611D6081DC00303BFC /* button_normal.9@2x.png in Resources */ = {isa = PBXBuildFile; fileRef = 2B1ACC3F1D6081DC00303BFC /* button_normal.9@2x.png */; };
		2B1ACC621D6081DC00303BFC /* button_pressed.9@2x.png in Resources */ = {isa = PBXBuildFile; fileRef = 2B1ACC401D6081DC00303BFC /* button_pressed.9@2x.png */; };
		2B1ACC631D6081DC00303BFC /* animations.xml in Resources */ = {isa = PBXBuildFile; fileRef = 2B1ACC421D6081DC00303BFC /* animations.xml */; };
		2B1ACC641D6081DC00303BFC /* collectionViewCell.xml in Resources */ = {isa = PBXBuildFile; fileRef = 2B1ACC431D6081DC00303BFC /* collectionViewCell.xml */; };
		2B1ACC651D6081DC00303BFC /* formular.xml in Resources */ = {isa = PBXBuildFile; fileRef = 2B1ACC441D6081DC00303BFC /* formular.xml */; };
		2B1ACC661D6081DC00303BFC /* formular~ipad.xml in Resources */ = {isa = PBXBuildFile; fileRef = 2B1ACC451D6081DC00303BFC /* formular~ipad.xml */; };
		2B1ACC671D6081DC00303BFC /* includeChild1.xml in Resources */ = {isa = PBXBuildFile; fileRef = 2B1ACC461D6081DC00303BFC /* includeChild1.xml */; };
		2B1ACC681D6081DC00303BFC /* includeChild2.xml in Resources */ = {isa = PBXBuildFile; fileRef = 2B1ACC471D6081DC00303BFC /* includeChild2.xml */; };
		2B1ACC691D6081DC00303BFC /* includeContainer.xml in Resources */ = {isa = PBXBuildFile; fileRef = 2B1ACC481D6081DC00303BFC /* includeContainer.xml */; };
		2B1ACC6A1D6081DC00303BFC /* layoutFromIB.xml in Resources */ = {isa = PBXBuildFile; fileRef = 2B1ACC491D6081DC00303BFC /* layoutFromIB.xml */; };
		2B1ACC6B1D6081DC00303BFC /* mainCell.xml in Resources */ = {isa = PBXBuildFile; fileRef = 2B1ACC4A1D6081DC00303BFC /* mainCell.xml */; };
		2B1ACC6C1D6081DC00303BFC /* scrollviews.xml in Resources */ = {isa = PBXBuildFile; fileRef = 2B1ACC4B1D6081DC00303BFC /* scrollviews.xml */; };
		2B1ACC6D1D6081DC00303BFC /* values.xml in Resources */ = {isa = PBXBuildFile; fileRef = 2B1ACC4D1D6081DC00303BFC /* values.xml */; };
		2B1ACC6E1D6081DC00303BFC /* LayoutFromIB.xib in Resources */ = {isa = PBXBuildFile; fileRef = 2B1ACC4F1D6081DC00303BFC /* LayoutFromIB.xib */; };
		2B1ACC6F1D6081DC00303BFC /* ULKAppDelegate.m in Sources */ = {isa = PBXBuildFile; fileRef = 2B1ACC511D6081DC00303BFC /* ULKAppDelegate.m */; };
		2B1ACF361D60908200303BFC /* ULKFrameLayout.m in Sources */ = {isa = PBXBuildFile; fileRef = 2B1ACEAC1D60908200303BFC /* ULKFrameLayout.m */; };
		2B1ACF371D60908200303BFC /* ULKFrameLayoutParams.m in Sources */ = {isa = PBXBuildFile; fileRef = 2B1ACEAE1D60908200303BFC /* ULKFrameLayoutParams.m */; };
		2B1ACF381D60908200303BFC /* ULKLinearLayout.m in Sources */ = {isa = PBXBuildFile; fileRef = 2B1ACEB21D60908200303BFC /* ULKLinearLayout.m */; };
		2B1ACF391D60908200303BFC /* ULKLinearLayoutParams.m in Sources */ = {isa = PBXBuildFile; fileRef = 2B1ACEB41D60908200303BFC /* ULKLinearLayoutParams.m */; };
		2B1ACF3A1D60908200303BFC /* ULKDependencyGraph.m in Sources */ = {isa = PBXBuildFile; fileRef = 2B1ACEB71D60908200303BFC /* ULKDependencyGraph.m */; };
		2B1ACF3B1D60908200303BFC /* ULKDependencyGraphNode.m in Sources */ = {isa = PBXBuildFile; fileRef = 2B1ACEB91D60908200303BFC /* ULKDependencyGraphNode.m */; };
		2B1ACF3C1D60908200303BFC /* ULKRelativeLayout.m in Sources */ = {isa = PBXBuildFile; fileRef = 2B1ACEBB1D60908200303BFC /* ULKRelativeLayout.m */; };
		2B1ACF3D1D60908200303BFC /* ULKRelativeLayoutParams.m in Sources */ = {isa = PBXBuildFile; fileRef = 2B1ACEBD1D60908200303BFC /* ULKRelativeLayoutParams.m */; };
		2B1ACF3E1D60908200303BFC /* ULKFinitePool.m in Sources */ = {isa = PBXBuildFile; fileRef = 2B1ACEC01D60908200303BFC /* ULKFinitePool.m */; };
		2B1ACF3F1D60908200303BFC /* ULKPools.m in Sources */ = {isa = PBXBuildFile; fileRef = 2B1ACEC51D60908200303BFC /* ULKPools.m */; };
		2B1ACF401D60908200303BFC /* ULKSynchronizedPool.m in Sources */ = {isa = PBXBuildFile; fileRef = 2B1ACEC71D60908200303BFC /* ULKSynchronizedPool.m */; };
		2B1ACF411D60908200303BFC /* UIButton+ULK_View.m in Sources */ = {isa = PBXBuildFile; fileRef = 2B1ACECB1D60908200303BFC /* UIButton+ULK_View.m */; };
		2B1ACF421D60908200303BFC /* UIControl+ULK_View.m in Sources */ = {isa = PBXBuildFile; fileRef = 2B1ACECD1D60908200303BFC /* UIControl+ULK_View.m */; };
		2B1ACF431D60908200303BFC /* UIImageView+ULK_View.m in Sources */ = {isa = PBXBuildFile; fileRef = 2B1ACECF1D60908200303BFC /* UIImageView+ULK_View.m */; };
		2B1ACF441D60908200303BFC /* UILabel+ULK_View.m in Sources */ = {isa = PBXBuildFile; fileRef = 2B1ACED11D60908200303BFC /* UILabel+ULK_View.m */; };
		2B1ACF451D60908200303BFC /* UINavigationBar+ULK_View.m in Sources */ = {isa = PBXBuildFile; fileRef = 2B1ACED31D60908200303BFC /* UINavigationBar+ULK_View.m */; };
		2B1ACF461D60908200303BFC /* UISearchBar+ULK_View.m in Sources */ = {isa = PBXBuildFile; fileRef = 2B1ACED51D60908200303BFC /* UISearchBar+ULK_View.m */; };
		2B1ACF471D60908200303BFC /* UISwitch+ULK_View.m in Sources */ = {isa = PBXBuildFile; fileRef = 2B1ACED71D60908200303BFC /* UISwitch+ULK_View.m */; };
		2B1ACF481D60908200303BFC /* UITextField+ULK_View.m in Sources */ = {isa = PBXBuildFile; fileRef = 2B1ACED91D60908200303BFC /* UITextField+ULK_View.m */; };
		2B1ACF491D60908200303BFC /* UITextView+ULK_View.m in Sources */ = {isa = PBXBuildFile; fileRef = 2B1ACEDB1D60908200303BFC /* UITextView+ULK_View.m */; };
		2B1ACF4A1D60908200303BFC /* UIToolbar+ULK_View.m in Sources */ = {isa = PBXBuildFile; fileRef = 2B1ACEDD1D60908200303BFC /* UIToolbar+ULK_View.m */; };
		2B1ACF4B1D60908200303BFC /* UIView+ULK_Layout.m in Sources */ = {isa = PBXBuildFile; fileRef = 2B1ACEDF1D60908200303BFC /* UIView+ULK_Layout.m */; };
		2B1ACF4C1D60908200303BFC /* UIView+ULK_ViewGroup.m in Sources */ = {isa = PBXBuildFile; fileRef = 2B1ACEE11D60908200303BFC /* UIView+ULK_ViewGroup.m */; };
		2B1ACF4D1D60908200303BFC /* ULKGravity.m in Sources */ = {isa = PBXBuildFile; fileRef = 2B1ACEE31D60908200303BFC /* ULKGravity.m */; };
		2B1ACF4E1D60908200303BFC /* ULKLayoutParams.m in Sources */ = {isa = PBXBuildFile; fileRef = 2B1ACEE51D60908200303BFC /* ULKLayoutParams.m */; };
		2B1ACF4F1D60908200303BFC /* ULKViewGroup.m in Sources */ = {isa = PBXBuildFile; fileRef = 2B1ACEE71D60908200303BFC /* ULKViewGroup.m */; };
		2B1ACF511D60908200303BFC /* UIKit+ULK_XMLParser.m in Sources */ = {isa = PBXBuildFile; fileRef = 2B1ACEF01D60908200303BFC /* UIKit+ULK_XMLParser.m */; };
		2B1ACF521D60908200303BFC /* ULKBaseViewFactory.m in Sources */ = {isa = PBXBuildFile; fileRef = 2B1ACEF21D60908200303BFC /* ULKBaseViewFactory.m */; };
		2B1ACF531D60908200303BFC /* ULKLayoutInflater.m in Sources */ = {isa = PBXBuildFile; fileRef = 2B1ACEF41D60908200303BFC /* ULKLayoutInflater.m */; };
		2B1ACF541D60908200303BFC /* ULKLayoutBridge.m in Sources */ = {isa = PBXBuildFile; fileRef = 2B1ACEF81D60908200303BFC /* ULKLayoutBridge.m */; };
		2B1ACF551D60908200303BFC /* NSDictionary+ULK_ResourceManager.m in Sources */ = {isa = PBXBuildFile; fileRef = 2B1ACEFB1D60908200303BFC /* NSDictionary+ULK_ResourceManager.m */; };
		2B1ACF561D60908200303BFC /* ULKColorStateItem.m in Sources */ = {isa = PBXBuildFile; fileRef = 2B1ACEFF1D60908200303BFC /* ULKColorStateItem.m */; };
		2B1ACF571D60908200303BFC /* ULKColorStateList.m in Sources */ = {isa = PBXBuildFile; fileRef = 2B1ACF011D60908200303BFC /* ULKColorStateList.m */; };
		2B1ACF581D60908200303BFC /* ULKDrawableStateItem.m in Sources */ = {isa = PBXBuildFile; fileRef = 2B1ACF041D60908200303BFC /* ULKDrawableStateItem.m */; };
		2B1ACF591D60908200303BFC /* ULKDrawableStateList.m in Sources */ = {isa = PBXBuildFile; fileRef = 2B1ACF061D60908200303BFC /* ULKDrawableStateList.m */; };
		2B1ACF5A1D60908200303BFC /* ULKResourceStateItem.m in Sources */ = {isa = PBXBuildFile; fileRef = 2B1ACF091D60908200303BFC /* ULKResourceStateItem.m */; };
		2B1ACF5B1D60908200303BFC /* ULKResourceStateList.m in Sources */ = {isa = PBXBuildFile; fileRef = 2B1ACF0C1D60908200303BFC /* ULKResourceStateList.m */; };
		2B1ACF5C1D60908200303BFC /* ULKResourceManager+Drawable.m in Sources */ = {isa = PBXBuildFile; fileRef = 2B1ACF0F1D60908200303BFC /* ULKResourceManager+Drawable.m */; };
		2B1ACF5D1D60908200303BFC /* ULKResourceManager+String.m in Sources */ = {isa = PBXBuildFile; fileRef = 2B1ACF111D60908200303BFC /* ULKResourceManager+String.m */; };
		2B1ACF5E1D60908200303BFC /* ULKResourceManager+ULKIDL_Internal.m in Sources */ = {isa = PBXBuildFile; fileRef = 2B1ACF131D60908200303BFC /* ULKResourceManager+ULKIDL_Internal.m */; };
		2B1ACF5F1D60908200303BFC /* ULKResourceManager.m in Sources */ = {isa = PBXBuildFile; fileRef = 2B1ACF151D60908200303BFC /* ULKResourceManager.m */; };
		2B1ACF601D60908200303BFC /* ULKXMLCache.m in Sources */ = {isa = PBXBuildFile; fileRef = 2B1ACF171D60908200303BFC /* ULKXMLCache.m */; };
		2B1ACF611D60908200303BFC /* ULKResourceValueSet.m in Sources */ = {isa = PBXBuildFile; fileRef = 2B1ACF1A1D60908200303BFC /* ULKResourceValueSet.m */; };
		2B1ACF621D60908200303BFC /* ULKStringArray.m in Sources */ = {isa = PBXBuildFile; fileRef = 2B1ACF1C1D60908200303BFC /* ULKStringArray.m */; };
		2B1ACF631D60908200303BFC /* ULKStyle.m in Sources */ = {isa = PBXBuildFile; fileRef = 2B1ACF1F1D60908200303BFC /* ULKStyle.m */; };
		2B1ACF641D60908200303BFC /* NSObject+ULK_KVOObserver.m in Sources */ = {isa = PBXBuildFile; fileRef = 2B1ACF231D60908200303BFC /* NSObject+ULK_KVOObserver.m */; };
		2B1ACF651D60908200303BFC /* TBXML.m in Sources */ = {isa = PBXBuildFile; fileRef = 2B1ACF261D60908200303BFC /* TBXML.m */; };
		2B1ACF661D60908200303BFC /* TBXML+ULK.m in Sources */ = {isa = PBXBuildFile; fileRef = 2B1ACF281D60908200303BFC /* TBXML+ULK.m */; };
		2B1ACF671D60908200303BFC /* UIColor+ULK_ColorParser.m in Sources */ = {isa = PBXBuildFile; fileRef = 2B1ACF2A1D60908200303BFC /* UIColor+ULK_ColorParser.m */; };
		2B1ACF681D60908200303BFC /* UIImage+ULK_FromColor.m in Sources */ = {isa = PBXBuildFile; fileRef = 2B1ACF2C1D60908200303BFC /* UIImage+ULK_FromColor.m */; };
		2B1ACF691D60908200303BFC /* UIImage+ULKNinePatch.m in Sources */ = {isa = PBXBuildFile; fileRef = 2B1ACF2E1D60908200303BFC /* UIImage+ULKNinePatch.m */; };
		2B1ACF6A1D60908200303BFC /* ULKCollectionViewCell.m in Sources */ = {isa = PBXBuildFile; fileRef = 2B1ACF301D60908200303BFC /* ULKCollectionViewCell.m */; };
		2B1ACF6B1D60908200303BFC /* ULKTableViewCell.m in Sources */ = {isa = PBXBuildFile; fileRef = 2B1ACF321D60908200303BFC /* ULKTableViewCell.m */; };
		2B1ACF6C1D60908200303BFC /* ULKLayoutViewController.m in Sources */ = {isa = PBXBuildFile; fileRef = 2B1ACF351D60908200303BFC /* ULKLayoutViewController.m */; };
		2B5DEB9F1D3F963F00E13C76 /* drawable_button_normal.png in Resources */ = {isa = PBXBuildFile; fileRef = 2B5DEAD81D3F963F00E13C76 /* drawable_button_normal.png */; };
		2B5DEBA01D3F963F00E13C76 /* drawable_button_pressed.png in Resources */ = {isa = PBXBuildFile; fileRef = 2B5DEAD91D3F963F00E13C76 /* drawable_button_pressed.png */; };
		2B5DEBA11D3F963F00E13C76 /* layout_example.png in Resources */ = {isa = PBXBuildFile; fileRef = 2B5DEADA1D3F963F00E13C76 /* layout_example.png */; };
		2B5DEBA21D3F963F00E13C76 /* LICENSE in Resources */ = {isa = PBXBuildFile; fileRef = 2B5DEAE11D3F963F00E13C76 /* LICENSE */; };
		2B5DEBA31D3F963F00E13C76 /* README.md in Sources */ = {isa = PBXBuildFile; fileRef = 2B5DEAE21D3F963F00E13C76 /* README.md */; };
		2B5DEBEC1D3F964000E13C76 /* UILayoutKit.podspec in Resources */ = {isa = PBXBuildFile; fileRef = 2B5DEB971D3F963F00E13C76 /* UILayoutKit.podspec */; };
		2BD4B33D1D658DE100CB3011 /* UIScrollView+ULK_ViewGroup.m in Sources */ = {isa = PBXBuildFile; fileRef = 2BD4B33C1D658DE100CB3011 /* UIScrollView+ULK_ViewGroup.m */; };
		DF2697F2274BB0F0445374DA /* libPods-UILayoutKitExample.a in Frameworks */ = {isa = PBXBuildFile; fileRef = C1CB0477A10BF8A1912094BF /* libPods-UILayoutKitExample.a */; };
/* End PBXBuildFile section */

/* Begin PBXFileReference section */
		2B1ACC251D6081DC00303BFC /* CollectionViewExampleViewController.h */ = {isa = PBXFileReference; fileEncoding = 4; lastKnownFileType = sourcecode.c.h; path = CollectionViewExampleViewController.h; sourceTree = "<group>"; };
		2B1ACC261D6081DC00303BFC /* CollectionViewExampleViewController.m */ = {isa = PBXFileReference; fileEncoding = 4; lastKnownFileType = sourcecode.c.objc; path = CollectionViewExampleViewController.m; sourceTree = "<group>"; };
		2B1ACC271D6081DC00303BFC /* CollectionViewItem.h */ = {isa = PBXFileReference; fileEncoding = 4; lastKnownFileType = sourcecode.c.h; path = CollectionViewItem.h; sourceTree = "<group>"; };
		2B1ACC281D6081DC00303BFC /* CollectionViewItem.m */ = {isa = PBXFileReference; fileEncoding = 4; lastKnownFileType = sourcecode.c.objc; path = CollectionViewItem.m; sourceTree = "<group>"; };
		2B1ACC291D6081DC00303BFC /* ExampleCollectionViewCell.h */ = {isa = PBXFileReference; fileEncoding = 4; lastKnownFileType = sourcecode.c.h; path = ExampleCollectionViewCell.h; sourceTree = "<group>"; };
		2B1ACC2A1D6081DC00303BFC /* ExampleCollectionViewCell.m */ = {isa = PBXFileReference; fileEncoding = 4; lastKnownFileType = sourcecode.c.objc; path = ExampleCollectionViewCell.m; sourceTree = "<group>"; };
		2B1ACC2B1D6081DC00303BFC /* FormularViewController.h */ = {isa = PBXFileReference; fileEncoding = 4; lastKnownFileType = sourcecode.c.h; path = FormularViewController.h; sourceTree = "<group>"; };
		2B1ACC2C1D6081DC00303BFC /* FormularViewController.m */ = {isa = PBXFileReference; fileEncoding = 4; lastKnownFileType = sourcecode.c.objc; path = FormularViewController.m; sourceTree = "<group>"; };
		2B1ACC2D1D6081DC00303BFC /* LayoutAnimationsViewController.h */ = {isa = PBXFileReference; fileEncoding = 4; lastKnownFileType = sourcecode.c.h; path = LayoutAnimationsViewController.h; sourceTree = "<group>"; };
		2B1ACC2E1D6081DC00303BFC /* LayoutAnimationsViewController.m */ = {isa = PBXFileReference; fileEncoding = 4; lastKnownFileType = sourcecode.c.objc; path = LayoutAnimationsViewController.m; sourceTree = "<group>"; };
		2B1ACC2F1D6081DC00303BFC /* MainViewController.h */ = {isa = PBXFileReference; fileEncoding = 4; lastKnownFileType = sourcecode.c.h; path = MainViewController.h; sourceTree = "<group>"; };
		2B1ACC301D6081DC00303BFC /* MainViewController.m */ = {isa = PBXFileReference; fileEncoding = 4; lastKnownFileType = sourcecode.c.objc; path = MainViewController.m; sourceTree = "<group>"; };
		2B1ACC321D6081DC00303BFC /* en */ = {isa = PBXFileReference; lastKnownFileType = text.plist.strings; name = en; path = en.lproj/InfoPlist.strings; sourceTree = "<group>"; };
		2B1ACC331D6081DC00303BFC /* Images.xcassets */ = {isa = PBXFileReference; lastKnownFileType = folder.assetcatalog; path = Images.xcassets; sourceTree = "<group>"; };
		2B1ACC341D6081DC00303BFC /* Info.plist */ = {isa = PBXFileReference; fileEncoding = 4; lastKnownFileType = text.plist.xml; path = Info.plist; sourceTree = "<group>"; };
		2B1ACC351D6081DC00303BFC /* main.m */ = {isa = PBXFileReference; fileEncoding = 4; lastKnownFileType = sourcecode.c.objc; path = main.m; sourceTree = "<group>"; };
		2B1ACC361D6081DC00303BFC /* Prefix.pch */ = {isa = PBXFileReference; fileEncoding = 4; lastKnownFileType = sourcecode.c.h; path = Prefix.pch; sourceTree = "<group>"; };
		2B1ACC391D6081DC00303BFC /* button_color.xml */ = {isa = PBXFileReference; fileEncoding = 4; lastKnownFileType = text.xml; path = button_color.xml; sourceTree = "<group>"; };
		2B1ACC3B1D6081DC00303BFC /* android.jpg */ = {isa = PBXFileReference; lastKnownFileType = image.jpeg; path = android.jpg; sourceTree = "<group>"; };
		2B1ACC3C1D6081DC00303BFC /* background1.xml */ = {isa = PBXFileReference; fileEncoding = 4; lastKnownFileType = text.xml; path = background1.xml; sourceTree = "<group>"; };
		2B1ACC3D1D6081DC00303BFC /* button_background.xml */ = {isa = PBXFileReference; fileEncoding = 4; lastKnownFileType = text.xml; path = button_background.xml; sourceTree = "<group>"; };
		2B1ACC3E1D6081DC00303BFC /* button_disabled.9@2x.png */ = {isa = PBXFileReference; lastKnownFileType = image.png; path = "button_disabled.9@2x.png"; sourceTree = "<group>"; };
		2B1ACC3F1D6081DC00303BFC /* button_normal.9@2x.png */ = {isa = PBXFileReference; lastKnownFileType = image.png; path = "button_normal.9@2x.png"; sourceTree = "<group>"; };
		2B1ACC401D6081DC00303BFC /* button_pressed.9@2x.png */ = {isa = PBXFileReference; lastKnownFileType = image.png; path = "button_pressed.9@2x.png"; sourceTree = "<group>"; };
		2B1ACC421D6081DC00303BFC /* animations.xml */ = {isa = PBXFileReference; fileEncoding = 4; lastKnownFileType = text.xml; path = animations.xml; sourceTree = "<group>"; };
		2B1ACC431D6081DC00303BFC /* collectionViewCell.xml */ = {isa = PBXFileReference; fileEncoding = 4; lastKnownFileType = text.xml; path = collectionViewCell.xml; sourceTree = "<group>"; };
		2B1ACC441D6081DC00303BFC /* formular.xml */ = {isa = PBXFileReference; fileEncoding = 4; lastKnownFileType = text.xml; path = formular.xml; sourceTree = "<group>"; };
		2B1ACC451D6081DC00303BFC /* formular~ipad.xml */ = {isa = PBXFileReference; fileEncoding = 4; lastKnownFileType = text.xml; path = "formular~ipad.xml"; sourceTree = "<group>"; };
		2B1ACC461D6081DC00303BFC /* includeChild1.xml */ = {isa = PBXFileReference; fileEncoding = 4; lastKnownFileType = text.xml; path = includeChild1.xml; sourceTree = "<group>"; };
		2B1ACC471D6081DC00303BFC /* includeChild2.xml */ = {isa = PBXFileReference; fileEncoding = 4; lastKnownFileType = text.xml; path = includeChild2.xml; sourceTree = "<group>"; };
		2B1ACC481D6081DC00303BFC /* includeContainer.xml */ = {isa = PBXFileReference; fileEncoding = 4; lastKnownFileType = text.xml; path = includeContainer.xml; sourceTree = "<group>"; };
		2B1ACC491D6081DC00303BFC /* layoutFromIB.xml */ = {isa = PBXFileReference; fileEncoding = 4; lastKnownFileType = text.xml; path = layoutFromIB.xml; sourceTree = "<group>"; };
		2B1ACC4A1D6081DC00303BFC /* mainCell.xml */ = {isa = PBXFileReference; fileEncoding = 4; lastKnownFileType = text.xml; path = mainCell.xml; sourceTree = "<group>"; };
		2B1ACC4B1D6081DC00303BFC /* scrollviews.xml */ = {isa = PBXFileReference; fileEncoding = 4; lastKnownFileType = text.xml; path = scrollviews.xml; sourceTree = "<group>"; };
		2B1ACC4D1D6081DC00303BFC /* values.xml */ = {isa = PBXFileReference; fileEncoding = 4; lastKnownFileType = text.xml; path = values.xml; sourceTree = "<group>"; };
		2B1ACC4F1D6081DC00303BFC /* LayoutFromIB.xib */ = {isa = PBXFileReference; fileEncoding = 4; lastKnownFileType = file.xib; path = LayoutFromIB.xib; sourceTree = "<group>"; };
		2B1ACC501D6081DC00303BFC /* ULKAppDelegate.h */ = {isa = PBXFileReference; fileEncoding = 4; lastKnownFileType = sourcecode.c.h; path = ULKAppDelegate.h; sourceTree = "<group>"; };
		2B1ACC511D6081DC00303BFC /* ULKAppDelegate.m */ = {isa = PBXFileReference; fileEncoding = 4; lastKnownFileType = sourcecode.c.objc; path = ULKAppDelegate.m; sourceTree = "<group>"; };
		2B1ACEAB1D60908200303BFC /* ULKFrameLayout.h */ = {isa = PBXFileReference; fileEncoding = 4; lastKnownFileType = sourcecode.c.h; path = ULKFrameLayout.h; sourceTree = "<group>"; };
		2B1ACEAC1D60908200303BFC /* ULKFrameLayout.m */ = {isa = PBXFileReference; fileEncoding = 4; lastKnownFileType = sourcecode.c.objc; path = ULKFrameLayout.m; sourceTree = "<group>"; };
		2B1ACEAD1D60908200303BFC /* ULKFrameLayoutParams.h */ = {isa = PBXFileReference; fileEncoding = 4; lastKnownFileType = sourcecode.c.h; path = ULKFrameLayoutParams.h; sourceTree = "<group>"; };
		2B1ACEAE1D60908200303BFC /* ULKFrameLayoutParams.m */ = {isa = PBXFileReference; fileEncoding = 4; lastKnownFileType = sourcecode.c.objc; path = ULKFrameLayoutParams.m; sourceTree = "<group>"; };
		2B1ACEB11D60908200303BFC /* ULKLinearLayout.h */ = {isa = PBXFileReference; fileEncoding = 4; lastKnownFileType = sourcecode.c.h; path = ULKLinearLayout.h; sourceTree = "<group>"; };
		2B1ACEB21D60908200303BFC /* ULKLinearLayout.m */ = {isa = PBXFileReference; fileEncoding = 4; lastKnownFileType = sourcecode.c.objc; path = ULKLinearLayout.m; sourceTree = "<group>"; };
		2B1ACEB31D60908200303BFC /* ULKLinearLayoutParams.h */ = {isa = PBXFileReference; fileEncoding = 4; lastKnownFileType = sourcecode.c.h; path = ULKLinearLayoutParams.h; sourceTree = "<group>"; };
		2B1ACEB41D60908200303BFC /* ULKLinearLayoutParams.m */ = {isa = PBXFileReference; fileEncoding = 4; lastKnownFileType = sourcecode.c.objc; path = ULKLinearLayoutParams.m; sourceTree = "<group>"; };
		2B1ACEB61D60908200303BFC /* ULKDependencyGraph.h */ = {isa = PBXFileReference; fileEncoding = 4; lastKnownFileType = sourcecode.c.h; path = ULKDependencyGraph.h; sourceTree = "<group>"; };
		2B1ACEB71D60908200303BFC /* ULKDependencyGraph.m */ = {isa = PBXFileReference; fileEncoding = 4; lastKnownFileType = sourcecode.c.objc; path = ULKDependencyGraph.m; sourceTree = "<group>"; };
		2B1ACEB81D60908200303BFC /* ULKDependencyGraphNode.h */ = {isa = PBXFileReference; fileEncoding = 4; lastKnownFileType = sourcecode.c.h; path = ULKDependencyGraphNode.h; sourceTree = "<group>"; };
		2B1ACEB91D60908200303BFC /* ULKDependencyGraphNode.m */ = {isa = PBXFileReference; fileEncoding = 4; lastKnownFileType = sourcecode.c.objc; path = ULKDependencyGraphNode.m; sourceTree = "<group>"; };
		2B1ACEBA1D60908200303BFC /* ULKRelativeLayout.h */ = {isa = PBXFileReference; fileEncoding = 4; lastKnownFileType = sourcecode.c.h; path = ULKRelativeLayout.h; sourceTree = "<group>"; };
		2B1ACEBB1D60908200303BFC /* ULKRelativeLayout.m */ = {isa = PBXFileReference; fileEncoding = 4; lastKnownFileType = sourcecode.c.objc; path = ULKRelativeLayout.m; sourceTree = "<group>"; };
		2B1ACEBC1D60908200303BFC /* ULKRelativeLayoutParams.h */ = {isa = PBXFileReference; fileEncoding = 4; lastKnownFileType = sourcecode.c.h; path = ULKRelativeLayoutParams.h; sourceTree = "<group>"; };
		2B1ACEBD1D60908200303BFC /* ULKRelativeLayoutParams.m */ = {isa = PBXFileReference; fileEncoding = 4; lastKnownFileType = sourcecode.c.objc; path = ULKRelativeLayoutParams.m; sourceTree = "<group>"; };
		2B1ACEBF1D60908200303BFC /* ULKFinitePool.h */ = {isa = PBXFileReference; fileEncoding = 4; lastKnownFileType = sourcecode.c.h; path = ULKFinitePool.h; sourceTree = "<group>"; };
		2B1ACEC01D60908200303BFC /* ULKFinitePool.m */ = {isa = PBXFileReference; fileEncoding = 4; lastKnownFileType = sourcecode.c.objc; path = ULKFinitePool.m; sourceTree = "<group>"; };
		2B1ACEC11D60908200303BFC /* ULKPool.h */ = {isa = PBXFileReference; fileEncoding = 4; lastKnownFileType = sourcecode.c.h; path = ULKPool.h; sourceTree = "<group>"; };
		2B1ACEC21D60908200303BFC /* ULKPoolable.h */ = {isa = PBXFileReference; fileEncoding = 4; lastKnownFileType = sourcecode.c.h; path = ULKPoolable.h; sourceTree = "<group>"; };
		2B1ACEC31D60908200303BFC /* ULKPoolableManager.h */ = {isa = PBXFileReference; fileEncoding = 4; lastKnownFileType = sourcecode.c.h; path = ULKPoolableManager.h; sourceTree = "<group>"; };
		2B1ACEC41D60908200303BFC /* ULKPools.h */ = {isa = PBXFileReference; fileEncoding = 4; lastKnownFileType = sourcecode.c.h; path = ULKPools.h; sourceTree = "<group>"; };
		2B1ACEC51D60908200303BFC /* ULKPools.m */ = {isa = PBXFileReference; fileEncoding = 4; lastKnownFileType = sourcecode.c.objc; path = ULKPools.m; sourceTree = "<group>"; };
		2B1ACEC61D60908200303BFC /* ULKSynchronizedPool.h */ = {isa = PBXFileReference; fileEncoding = 4; lastKnownFileType = sourcecode.c.h; path = ULKSynchronizedPool.h; sourceTree = "<group>"; };
		2B1ACEC71D60908200303BFC /* ULKSynchronizedPool.m */ = {isa = PBXFileReference; fileEncoding = 4; lastKnownFileType = sourcecode.c.objc; path = ULKSynchronizedPool.m; sourceTree = "<group>"; };
		2B1ACECA1D60908200303BFC /* UIButton+ULK_View.h */ = {isa = PBXFileReference; fileEncoding = 4; lastKnownFileType = sourcecode.c.h; path = "UIButton+ULK_View.h"; sourceTree = "<group>"; };
		2B1ACECB1D60908200303BFC /* UIButton+ULK_View.m */ = {isa = PBXFileReference; fileEncoding = 4; lastKnownFileType = sourcecode.c.objc; path = "UIButton+ULK_View.m"; sourceTree = "<group>"; };
		2B1ACECC1D60908200303BFC /* UIControl+ULK_View.h */ = {isa = PBXFileReference; fileEncoding = 4; lastKnownFileType = sourcecode.c.h; path = "UIControl+ULK_View.h"; sourceTree = "<group>"; };
		2B1ACECD1D60908200303BFC /* UIControl+ULK_View.m */ = {isa = PBXFileReference; fileEncoding = 4; lastKnownFileType = sourcecode.c.objc; path = "UIControl+ULK_View.m"; sourceTree = "<group>"; };
		2B1ACECE1D60908200303BFC /* UIImageView+ULK_View.h */ = {isa = PBXFileReference; fileEncoding = 4; lastKnownFileType = sourcecode.c.h; path = "UIImageView+ULK_View.h"; sourceTree = "<group>"; };
		2B1ACECF1D60908200303BFC /* UIImageView+ULK_View.m */ = {isa = PBXFileReference; fileEncoding = 4; lastKnownFileType = sourcecode.c.objc; path = "UIImageView+ULK_View.m"; sourceTree = "<group>"; };
		2B1ACED01D60908200303BFC /* UILabel+ULK_View.h */ = {isa = PBXFileReference; fileEncoding = 4; lastKnownFileType = sourcecode.c.h; path = "UILabel+ULK_View.h"; sourceTree = "<group>"; };
		2B1ACED11D60908200303BFC /* UILabel+ULK_View.m */ = {isa = PBXFileReference; fileEncoding = 4; lastKnownFileType = sourcecode.c.objc; path = "UILabel+ULK_View.m"; sourceTree = "<group>"; };
		2B1ACED21D60908200303BFC /* UINavigationBar+ULK_View.h */ = {isa = PBXFileReference; fileEncoding = 4; lastKnownFileType = sourcecode.c.h; path = "UINavigationBar+ULK_View.h"; sourceTree = "<group>"; };
		2B1ACED31D60908200303BFC /* UINavigationBar+ULK_View.m */ = {isa = PBXFileReference; fileEncoding = 4; lastKnownFileType = sourcecode.c.objc; path = "UINavigationBar+ULK_View.m"; sourceTree = "<group>"; };
		2B1ACED41D60908200303BFC /* UISearchBar+ULK_View.h */ = {isa = PBXFileReference; fileEncoding = 4; lastKnownFileType = sourcecode.c.h; path = "UISearchBar+ULK_View.h"; sourceTree = "<group>"; };
		2B1ACED51D60908200303BFC /* UISearchBar+ULK_View.m */ = {isa = PBXFileReference; fileEncoding = 4; lastKnownFileType = sourcecode.c.objc; path = "UISearchBar+ULK_View.m"; sourceTree = "<group>"; };
		2B1ACED61D60908200303BFC /* UISwitch+ULK_View.h */ = {isa = PBXFileReference; fileEncoding = 4; lastKnownFileType = sourcecode.c.h; path = "UISwitch+ULK_View.h"; sourceTree = "<group>"; };
		2B1ACED71D60908200303BFC /* UISwitch+ULK_View.m */ = {isa = PBXFileReference; fileEncoding = 4; lastKnownFileType = sourcecode.c.objc; path = "UISwitch+ULK_View.m"; sourceTree = "<group>"; };
		2B1ACED81D60908200303BFC /* UITextField+ULK_View.h */ = {isa = PBXFileReference; fileEncoding = 4; lastKnownFileType = sourcecode.c.h; path = "UITextField+ULK_View.h"; sourceTree = "<group>"; };
		2B1ACED91D60908200303BFC /* UITextField+ULK_View.m */ = {isa = PBXFileReference; fileEncoding = 4; lastKnownFileType = sourcecode.c.objc; path = "UITextField+ULK_View.m"; sourceTree = "<group>"; };
		2B1ACEDA1D60908200303BFC /* UITextView+ULK_View.h */ = {isa = PBXFileReference; fileEncoding = 4; lastKnownFileType = sourcecode.c.h; path = "UITextView+ULK_View.h"; sourceTree = "<group>"; };
		2B1ACEDB1D60908200303BFC /* UITextView+ULK_View.m */ = {isa = PBXFileReference; fileEncoding = 4; lastKnownFileType = sourcecode.c.objc; path = "UITextView+ULK_View.m"; sourceTree = "<group>"; };
		2B1ACEDC1D60908200303BFC /* UIToolbar+ULK_View.h */ = {isa = PBXFileReference; fileEncoding = 4; lastKnownFileType = sourcecode.c.h; path = "UIToolbar+ULK_View.h"; sourceTree = "<group>"; };
		2B1ACEDD1D60908200303BFC /* UIToolbar+ULK_View.m */ = {isa = PBXFileReference; fileEncoding = 4; lastKnownFileType = sourcecode.c.objc; path = "UIToolbar+ULK_View.m"; sourceTree = "<group>"; };
		2B1ACEDE1D60908200303BFC /* UIView+ULK_Layout.h */ = {isa = PBXFileReference; fileEncoding = 4; lastKnownFileType = sourcecode.c.h; path = "UIView+ULK_Layout.h"; sourceTree = "<group>"; };
		2B1ACEDF1D60908200303BFC /* UIView+ULK_Layout.m */ = {isa = PBXFileReference; fileEncoding = 4; lastKnownFileType = sourcecode.c.objc; path = "UIView+ULK_Layout.m"; sourceTree = "<group>"; };
		2B1ACEE01D60908200303BFC /* UIView+ULK_ViewGroup.h */ = {isa = PBXFileReference; fileEncoding = 4; lastKnownFileType = sourcecode.c.h; path = "UIView+ULK_ViewGroup.h"; sourceTree = "<group>"; };
		2B1ACEE11D60908200303BFC /* UIView+ULK_ViewGroup.m */ = {isa = PBXFileReference; fileEncoding = 4; lastKnownFileType = sourcecode.c.objc; path = "UIView+ULK_ViewGroup.m"; sourceTree = "<group>"; };
		2B1ACEE21D60908200303BFC /* ULKGravity.h */ = {isa = PBXFileReference; fileEncoding = 4; lastKnownFileType = sourcecode.c.h; path = ULKGravity.h; sourceTree = "<group>"; };
		2B1ACEE31D60908200303BFC /* ULKGravity.m */ = {isa = PBXFileReference; fileEncoding = 4; lastKnownFileType = sourcecode.c.objc; path = ULKGravity.m; sourceTree = "<group>"; };
		2B1ACEE41D60908200303BFC /* ULKLayoutParams.h */ = {isa = PBXFileReference; fileEncoding = 4; lastKnownFileType = sourcecode.c.h; path = ULKLayoutParams.h; sourceTree = "<group>"; };
		2B1ACEE51D60908200303BFC /* ULKLayoutParams.m */ = {isa = PBXFileReference; fileEncoding = 4; lastKnownFileType = sourcecode.c.objc; path = ULKLayoutParams.m; sourceTree = "<group>"; };
		2B1ACEE61D60908200303BFC /* ULKViewGroup.h */ = {isa = PBXFileReference; fileEncoding = 4; lastKnownFileType = sourcecode.c.h; path = ULKViewGroup.h; sourceTree = "<group>"; };
		2B1ACEE71D60908200303BFC /* ULKViewGroup.m */ = {isa = PBXFileReference; fileEncoding = 4; lastKnownFileType = sourcecode.c.objc; path = ULKViewGroup.m; sourceTree = "<group>"; };
		2B1ACEE91D60908200303BFC /* UILayoutKit.h */ = {isa = PBXFileReference; fileEncoding = 4; lastKnownFileType = sourcecode.c.h; path = UILayoutKit.h; sourceTree = "<group>"; };
		2B1ACEEF1D60908200303BFC /* UIKit+ULK_XMLParser.h */ = {isa = PBXFileReference; fileEncoding = 4; lastKnownFileType = sourcecode.c.h; path = "UIKit+ULK_XMLParser.h"; sourceTree = "<group>"; };
		2B1ACEF01D60908200303BFC /* UIKit+ULK_XMLParser.m */ = {isa = PBXFileReference; fileEncoding = 4; lastKnownFileType = sourcecode.c.objc; path = "UIKit+ULK_XMLParser.m"; sourceTree = "<group>"; };
		2B1ACEF11D60908200303BFC /* ULKBaseViewFactory.h */ = {isa = PBXFileReference; fileEncoding = 4; lastKnownFileType = sourcecode.c.h; path = ULKBaseViewFactory.h; sourceTree = "<group>"; };
		2B1ACEF21D60908200303BFC /* ULKBaseViewFactory.m */ = {isa = PBXFileReference; fileEncoding = 4; lastKnownFileType = sourcecode.c.objc; path = ULKBaseViewFactory.m; sourceTree = "<group>"; };
		2B1ACEF31D60908200303BFC /* ULKLayoutInflater.h */ = {isa = PBXFileReference; fileEncoding = 4; lastKnownFileType = sourcecode.c.h; path = ULKLayoutInflater.h; sourceTree = "<group>"; };
		2B1ACEF41D60908200303BFC /* ULKLayoutInflater.m */ = {isa = PBXFileReference; fileEncoding = 4; lastKnownFileType = sourcecode.c.objc; path = ULKLayoutInflater.m; sourceTree = "<group>"; };
		2B1ACEF51D60908200303BFC /* ULKViewFactory.h */ = {isa = PBXFileReference; fileEncoding = 4; lastKnownFileType = sourcecode.c.h; path = ULKViewFactory.h; sourceTree = "<group>"; };
		2B1ACEF71D60908200303BFC /* ULKLayoutBridge.h */ = {isa = PBXFileReference; fileEncoding = 4; lastKnownFileType = sourcecode.c.h; path = ULKLayoutBridge.h; sourceTree = "<group>"; };
		2B1ACEF81D60908200303BFC /* ULKLayoutBridge.m */ = {isa = PBXFileReference; fileEncoding = 4; lastKnownFileType = sourcecode.c.objc; path = ULKLayoutBridge.m; sourceTree = "<group>"; };
		2B1ACEFA1D60908200303BFC /* NSDictionary+ULK_ResourceManager.h */ = {isa = PBXFileReference; fileEncoding = 4; lastKnownFileType = sourcecode.c.h; path = "NSDictionary+ULK_ResourceManager.h"; sourceTree = "<group>"; };
		2B1ACEFB1D60908200303BFC /* NSDictionary+ULK_ResourceManager.m */ = {isa = PBXFileReference; fileEncoding = 4; lastKnownFileType = sourcecode.c.objc; path = "NSDictionary+ULK_ResourceManager.m"; sourceTree = "<group>"; };
		2B1ACEFD1D60908200303BFC /* ULKColorStateItem+ULK_Internal.h */ = {isa = PBXFileReference; fileEncoding = 4; lastKnownFileType = sourcecode.c.h; path = "ULKColorStateItem+ULK_Internal.h"; sourceTree = "<group>"; };
		2B1ACEFE1D60908200303BFC /* ULKColorStateItem.h */ = {isa = PBXFileReference; fileEncoding = 4; lastKnownFileType = sourcecode.c.h; path = ULKColorStateItem.h; sourceTree = "<group>"; };
		2B1ACEFF1D60908200303BFC /* ULKColorStateItem.m */ = {isa = PBXFileReference; fileEncoding = 4; lastKnownFileType = sourcecode.c.objc; path = ULKColorStateItem.m; sourceTree = "<group>"; };
		2B1ACF001D60908200303BFC /* ULKColorStateList.h */ = {isa = PBXFileReference; fileEncoding = 4; lastKnownFileType = sourcecode.c.h; path = ULKColorStateList.h; sourceTree = "<group>"; };
		2B1ACF011D60908200303BFC /* ULKColorStateList.m */ = {isa = PBXFileReference; fileEncoding = 4; lastKnownFileType = sourcecode.c.objc; path = ULKColorStateList.m; sourceTree = "<group>"; };
		2B1ACF021D60908200303BFC /* ULKDrawableStateItem+ULK_Internal.h */ = {isa = PBXFileReference; fileEncoding = 4; lastKnownFileType = sourcecode.c.h; path = "ULKDrawableStateItem+ULK_Internal.h"; sourceTree = "<group>"; };
		2B1ACF031D60908200303BFC /* ULKDrawableStateItem.h */ = {isa = PBXFileReference; fileEncoding = 4; lastKnownFileType = sourcecode.c.h; path = ULKDrawableStateItem.h; sourceTree = "<group>"; };
		2B1ACF041D60908200303BFC /* ULKDrawableStateItem.m */ = {isa = PBXFileReference; fileEncoding = 4; lastKnownFileType = sourcecode.c.objc; path = ULKDrawableStateItem.m; sourceTree = "<group>"; };
		2B1ACF051D60908200303BFC /* ULKDrawableStateList.h */ = {isa = PBXFileReference; fileEncoding = 4; lastKnownFileType = sourcecode.c.h; path = ULKDrawableStateList.h; sourceTree = "<group>"; };
		2B1ACF061D60908200303BFC /* ULKDrawableStateList.m */ = {isa = PBXFileReference; fileEncoding = 4; lastKnownFileType = sourcecode.c.objc; path = ULKDrawableStateList.m; sourceTree = "<group>"; };
		2B1ACF071D60908200303BFC /* ULKResourceStateItem+ULK_Internal.h */ = {isa = PBXFileReference; fileEncoding = 4; lastKnownFileType = sourcecode.c.h; path = "ULKResourceStateItem+ULK_Internal.h"; sourceTree = "<group>"; };
		2B1ACF081D60908200303BFC /* ULKResourceStateItem.h */ = {isa = PBXFileReference; fileEncoding = 4; lastKnownFileType = sourcecode.c.h; path = ULKResourceStateItem.h; sourceTree = "<group>"; };
		2B1ACF091D60908200303BFC /* ULKResourceStateItem.m */ = {isa = PBXFileReference; fileEncoding = 4; lastKnownFileType = sourcecode.c.objc; path = ULKResourceStateItem.m; sourceTree = "<group>"; };
		2B1ACF0A1D60908200303BFC /* ULKResourceStateList+ULK_Internal.h */ = {isa = PBXFileReference; fileEncoding = 4; lastKnownFileType = sourcecode.c.h; path = "ULKResourceStateList+ULK_Internal.h"; sourceTree = "<group>"; };
		2B1ACF0B1D60908200303BFC /* ULKResourceStateList.h */ = {isa = PBXFileReference; fileEncoding = 4; lastKnownFileType = sourcecode.c.h; path = ULKResourceStateList.h; sourceTree = "<group>"; };
		2B1ACF0C1D60908200303BFC /* ULKResourceStateList.m */ = {isa = PBXFileReference; fileEncoding = 4; lastKnownFileType = sourcecode.c.objc; path = ULKResourceStateList.m; sourceTree = "<group>"; };
		2B1ACF0D1D60908200303BFC /* ULKResourceManager+Core.h */ = {isa = PBXFileReference; fileEncoding = 4; lastKnownFileType = sourcecode.c.h; path = "ULKResourceManager+Core.h"; sourceTree = "<group>"; };
		2B1ACF0E1D60908200303BFC /* ULKResourceManager+Drawable.h */ = {isa = PBXFileReference; fileEncoding = 4; lastKnownFileType = sourcecode.c.h; path = "ULKResourceManager+Drawable.h"; sourceTree = "<group>"; };
		2B1ACF0F1D60908200303BFC /* ULKResourceManager+Drawable.m */ = {isa = PBXFileReference; fileEncoding = 4; lastKnownFileType = sourcecode.c.objc; path = "ULKResourceManager+Drawable.m"; sourceTree = "<group>"; };
		2B1ACF101D60908200303BFC /* ULKResourceManager+String.h */ = {isa = PBXFileReference; fileEncoding = 4; lastKnownFileType = sourcecode.c.h; path = "ULKResourceManager+String.h"; sourceTree = "<group>"; };
		2B1ACF111D60908200303BFC /* ULKResourceManager+String.m */ = {isa = PBXFileReference; fileEncoding = 4; lastKnownFileType = sourcecode.c.objc; path = "ULKResourceManager+String.m"; sourceTree = "<group>"; };
		2B1ACF121D60908200303BFC /* ULKResourceManager+ULK_Internal.h */ = {isa = PBXFileReference; fileEncoding = 4; lastKnownFileType = sourcecode.c.h; path = "ULKResourceManager+ULK_Internal.h"; sourceTree = "<group>"; };
		2B1ACF131D60908200303BFC /* ULKResourceManager+ULKIDL_Internal.m */ = {isa = PBXFileReference; fileEncoding = 4; lastKnownFileType = sourcecode.c.objc; path = "ULKResourceManager+ULKIDL_Internal.m"; sourceTree = "<group>"; };
		2B1ACF141D60908200303BFC /* ULKResourceManager.h */ = {isa = PBXFileReference; fileEncoding = 4; lastKnownFileType = sourcecode.c.h; path = ULKResourceManager.h; sourceTree = "<group>"; };
		2B1ACF151D60908200303BFC /* ULKResourceManager.m */ = {isa = PBXFileReference; fileEncoding = 4; lastKnownFileType = sourcecode.c.objc; path = ULKResourceManager.m; sourceTree = "<group>"; };
		2B1ACF161D60908200303BFC /* ULKXMLCache.h */ = {isa = PBXFileReference; fileEncoding = 4; lastKnownFileType = sourcecode.c.h; path = ULKXMLCache.h; sourceTree = "<group>"; };
		2B1ACF171D60908200303BFC /* ULKXMLCache.m */ = {isa = PBXFileReference; fileEncoding = 4; lastKnownFileType = sourcecode.c.objc; path = ULKXMLCache.m; sourceTree = "<group>"; };
		2B1ACF191D60908200303BFC /* ULKResourceValueSet.h */ = {isa = PBXFileReference; fileEncoding = 4; lastKnownFileType = sourcecode.c.h; path = ULKResourceValueSet.h; sourceTree = "<group>"; };
		2B1ACF1A1D60908200303BFC /* ULKResourceValueSet.m */ = {isa = PBXFileReference; fileEncoding = 4; lastKnownFileType = sourcecode.c.objc; path = ULKResourceValueSet.m; sourceTree = "<group>"; };
		2B1ACF1B1D60908200303BFC /* ULKStringArray.h */ = {isa = PBXFileReference; fileEncoding = 4; lastKnownFileType = sourcecode.c.h; path = ULKStringArray.h; sourceTree = "<group>"; };
		2B1ACF1C1D60908200303BFC /* ULKStringArray.m */ = {isa = PBXFileReference; fileEncoding = 4; lastKnownFileType = sourcecode.c.objc; path = ULKStringArray.m; sourceTree = "<group>"; };
		2B1ACF1D1D60908200303BFC /* ULKStyle+ULK_Internal.h */ = {isa = PBXFileReference; fileEncoding = 4; lastKnownFileType = sourcecode.c.h; path = "ULKStyle+ULK_Internal.h"; sourceTree = "<group>"; };
		2B1ACF1E1D60908200303BFC /* ULKStyle.h */ = {isa = PBXFileReference; fileEncoding = 4; lastKnownFileType = sourcecode.c.h; path = ULKStyle.h; sourceTree = "<group>"; };
		2B1ACF1F1D60908200303BFC /* ULKStyle.m */ = {isa = PBXFileReference; fileEncoding = 4; lastKnownFileType = sourcecode.c.objc; path = ULKStyle.m; sourceTree = "<group>"; };
		2B1ACF201D60908200303BFC /* UILayoutKitXmlParser.h */ = {isa = PBXFileReference; fileEncoding = 4; lastKnownFileType = sourcecode.c.h; path = UILayoutKitXmlParser.h; sourceTree = "<group>"; };
		2B1ACF221D60908200303BFC /* NSObject+ULK_KVOObserver.h */ = {isa = PBXFileReference; fileEncoding = 4; lastKnownFileType = sourcecode.c.h; path = "NSObject+ULK_KVOObserver.h"; sourceTree = "<group>"; };
		2B1ACF231D60908200303BFC /* NSObject+ULK_KVOObserver.m */ = {isa = PBXFileReference; fileEncoding = 4; lastKnownFileType = sourcecode.c.objc; path = "NSObject+ULK_KVOObserver.m"; sourceTree = "<group>"; };
		2B1ACF251D60908200303BFC /* TBXML.h */ = {isa = PBXFileReference; fileEncoding = 4; lastKnownFileType = sourcecode.c.h; path = TBXML.h; sourceTree = "<group>"; };
		2B1ACF261D60908200303BFC /* TBXML.m */ = {isa = PBXFileReference; fileEncoding = 4; lastKnownFileType = sourcecode.c.objc; path = TBXML.m; sourceTree = "<group>"; };
		2B1ACF271D60908200303BFC /* TBXML+ULK.h */ = {isa = PBXFileReference; fileEncoding = 4; lastKnownFileType = sourcecode.c.h; path = "TBXML+ULK.h"; sourceTree = "<group>"; };
		2B1ACF281D60908200303BFC /* TBXML+ULK.m */ = {isa = PBXFileReference; fileEncoding = 4; lastKnownFileType = sourcecode.c.objc; path = "TBXML+ULK.m"; sourceTree = "<group>"; };
		2B1ACF291D60908200303BFC /* UIColor+ULK_ColorParser.h */ = {isa = PBXFileReference; fileEncoding = 4; lastKnownFileType = sourcecode.c.h; path = "UIColor+ULK_ColorParser.h"; sourceTree = "<group>"; };
		2B1ACF2A1D60908200303BFC /* UIColor+ULK_ColorParser.m */ = {isa = PBXFileReference; fileEncoding = 4; lastKnownFileType = sourcecode.c.objc; path = "UIColor+ULK_ColorParser.m"; sourceTree = "<group>"; };
		2B1ACF2B1D60908200303BFC /* UIImage+ULK_FromColor.h */ = {isa = PBXFileReference; fileEncoding = 4; lastKnownFileType = sourcecode.c.h; path = "UIImage+ULK_FromColor.h"; sourceTree = "<group>"; };
		2B1ACF2C1D60908200303BFC /* UIImage+ULK_FromColor.m */ = {isa = PBXFileReference; fileEncoding = 4; lastKnownFileType = sourcecode.c.objc; path = "UIImage+ULK_FromColor.m"; sourceTree = "<group>"; };
		2B1ACF2D1D60908200303BFC /* UIImage+ULKNinePatch.h */ = {isa = PBXFileReference; fileEncoding = 4; lastKnownFileType = sourcecode.c.h; path = "UIImage+ULKNinePatch.h"; sourceTree = "<group>"; };
		2B1ACF2E1D60908200303BFC /* UIImage+ULKNinePatch.m */ = {isa = PBXFileReference; fileEncoding = 4; lastKnownFileType = sourcecode.c.objc; path = "UIImage+ULKNinePatch.m"; sourceTree = "<group>"; };
		2B1ACF2F1D60908200303BFC /* ULKCollectionViewCell.h */ = {isa = PBXFileReference; fileEncoding = 4; lastKnownFileType = sourcecode.c.h; path = ULKCollectionViewCell.h; sourceTree = "<group>"; };
		2B1ACF301D60908200303BFC /* ULKCollectionViewCell.m */ = {isa = PBXFileReference; fileEncoding = 4; lastKnownFileType = sourcecode.c.objc; path = ULKCollectionViewCell.m; sourceTree = "<group>"; };
		2B1ACF311D60908200303BFC /* ULKTableViewCell.h */ = {isa = PBXFileReference; fileEncoding = 4; lastKnownFileType = sourcecode.c.h; path = ULKTableViewCell.h; sourceTree = "<group>"; };
		2B1ACF321D60908200303BFC /* ULKTableViewCell.m */ = {isa = PBXFileReference; fileEncoding = 4; lastKnownFileType = sourcecode.c.objc; path = ULKTableViewCell.m; sourceTree = "<group>"; };
		2B1ACF341D60908200303BFC /* ULKLayoutViewController.h */ = {isa = PBXFileReference; fileEncoding = 4; lastKnownFileType = sourcecode.c.h; path = ULKLayoutViewController.h; sourceTree = "<group>"; };
		2B1ACF351D60908200303BFC /* ULKLayoutViewController.m */ = {isa = PBXFileReference; fileEncoding = 4; lastKnownFileType = sourcecode.c.objc; path = ULKLayoutViewController.m; sourceTree = "<group>"; };
		2B5DEAD81D3F963F00E13C76 /* drawable_button_normal.png */ = {isa = PBXFileReference; lastKnownFileType = image.png; path = drawable_button_normal.png; sourceTree = "<group>"; };
		2B5DEAD91D3F963F00E13C76 /* drawable_button_pressed.png */ = {isa = PBXFileReference; lastKnownFileType = image.png; path = drawable_button_pressed.png; sourceTree = "<group>"; };
		2B5DEADA1D3F963F00E13C76 /* layout_example.png */ = {isa = PBXFileReference; lastKnownFileType = image.png; path = layout_example.png; sourceTree = "<group>"; };
		2B5DEAE11D3F963F00E13C76 /* LICENSE */ = {isa = PBXFileReference; fileEncoding = 4; lastKnownFileType = text; path = LICENSE; sourceTree = "<group>"; };
		2B5DEAE21D3F963F00E13C76 /* README.md */ = {isa = PBXFileReference; fileEncoding = 4; lastKnownFileType = net.daringfireball.markdown; path = README.md; sourceTree = "<group>"; };
		2B5DEB971D3F963F00E13C76 /* UILayoutKit.podspec */ = {isa = PBXFileReference; fileEncoding = 4; lastKnownFileType = text; path = UILayoutKit.podspec; sourceTree = "<group>"; };
		2BD4B33B1D658DE100CB3011 /* UIScrollView+ULK_ViewGroup.h */ = {isa = PBXFileReference; fileEncoding = 4; lastKnownFileType = sourcecode.c.h; path = "UIScrollView+ULK_ViewGroup.h"; sourceTree = "<group>"; };
		2BD4B33C1D658DE100CB3011 /* UIScrollView+ULK_ViewGroup.m */ = {isa = PBXFileReference; fileEncoding = 4; lastKnownFileType = sourcecode.c.objc; path = "UIScrollView+ULK_ViewGroup.m"; sourceTree = "<group>"; };
		2BEB75611D3F666300672260 /* UILayoutKitExample.app */ = {isa = PBXFileReference; explicitFileType = wrapper.application; includeInIndex = 0; path = UILayoutKitExample.app; sourceTree = BUILT_PRODUCTS_DIR; };
		C1CB0477A10BF8A1912094BF /* libPods-UILayoutKitExample.a */ = {isa = PBXFileReference; explicitFileType = archive.ar; includeInIndex = 0; path = "libPods-UILayoutKitExample.a"; sourceTree = BUILT_PRODUCTS_DIR; };
		EED0F338E203C60892F55D68 /* Pods-UILayoutKitExample.debug.xcconfig */ = {isa = PBXFileReference; includeInIndex = 1; lastKnownFileType = text.xcconfig; name = "Pods-UILayoutKitExample.debug.xcconfig"; path = "Pods/Target Support Files/Pods-UILayoutKitExample/Pods-UILayoutKitExample.debug.xcconfig"; sourceTree = "<group>"; };
		F423245BCB01BDD57C8AEE1E /* Pods-UILayoutKitExample.release.xcconfig */ = {isa = PBXFileReference; includeInIndex = 1; lastKnownFileType = text.xcconfig; name = "Pods-UILayoutKitExample.release.xcconfig"; path = "Pods/Target Support Files/Pods-UILayoutKitExample/Pods-UILayoutKitExample.release.xcconfig"; sourceTree = "<group>"; };
/* End PBXFileReference section */

/* Begin PBXFrameworksBuildPhase section */
		2BEB755E1D3F666300672260 /* Frameworks */ = {
			isa = PBXFrameworksBuildPhase;
			buildActionMask = 2147483647;
			files = (
				DF2697F2274BB0F0445374DA /* libPods-UILayoutKitExample.a in Frameworks */,
			);
			runOnlyForDeploymentPostprocessing = 0;
		};
/* End PBXFrameworksBuildPhase section */

/* Begin PBXGroup section */
		2B1ACC231D6081DC00303BFC /* UILayoutKitExample */ = {
			isa = PBXGroup;
			children = (
				2B1ACC241D6081DC00303BFC /* Classes */,
				2B1ACC311D6081DC00303BFC /* InfoPlist.strings */,
				2B1ACC331D6081DC00303BFC /* Images.xcassets */,
				2B1ACC341D6081DC00303BFC /* Info.plist */,
				2B1ACC351D6081DC00303BFC /* main.m */,
				2B1ACC361D6081DC00303BFC /* Prefix.pch */,
				2B1ACC371D6081DC00303BFC /* Resources */,
				2B1ACC501D6081DC00303BFC /* ULKAppDelegate.h */,
				2B1ACC511D6081DC00303BFC /* ULKAppDelegate.m */,
			);
			path = UILayoutKitExample;
			sourceTree = "<group>";
		};
		2B1ACC241D6081DC00303BFC /* Classes */ = {
			isa = PBXGroup;
			children = (
				2B1ACC251D6081DC00303BFC /* CollectionViewExampleViewController.h */,
				2B1ACC261D6081DC00303BFC /* CollectionViewExampleViewController.m */,
				2B1ACC271D6081DC00303BFC /* CollectionViewItem.h */,
				2B1ACC281D6081DC00303BFC /* CollectionViewItem.m */,
				2B1ACC291D6081DC00303BFC /* ExampleCollectionViewCell.h */,
				2B1ACC2A1D6081DC00303BFC /* ExampleCollectionViewCell.m */,
				2B1ACC2B1D6081DC00303BFC /* FormularViewController.h */,
				2B1ACC2C1D6081DC00303BFC /* FormularViewController.m */,
				2B1ACC2D1D6081DC00303BFC /* LayoutAnimationsViewController.h */,
				2B1ACC2E1D6081DC00303BFC /* LayoutAnimationsViewController.m */,
				2B1ACC2F1D6081DC00303BFC /* MainViewController.h */,
				2B1ACC301D6081DC00303BFC /* MainViewController.m */,
			);
			path = Classes;
			sourceTree = "<group>";
		};
		2B1ACC371D6081DC00303BFC /* Resources */ = {
			isa = PBXGroup;
			children = (
				2B1ACC381D6081DC00303BFC /* colors */,
				2B1ACC3A1D6081DC00303BFC /* drawables */,
				2B1ACC411D6081DC00303BFC /* layouts */,
				2B1ACC4C1D6081DC00303BFC /* values */,
				2B1ACC4E1D6081DC00303BFC /* xibs */,
			);
			path = Resources;
			sourceTree = "<group>";
		};
		2B1ACC381D6081DC00303BFC /* colors */ = {
			isa = PBXGroup;
			children = (
				2B1ACC391D6081DC00303BFC /* button_color.xml */,
			);
			path = colors;
			sourceTree = "<group>";
		};
		2B1ACC3A1D6081DC00303BFC /* drawables */ = {
			isa = PBXGroup;
			children = (
				2B1ACC3B1D6081DC00303BFC /* android.jpg */,
				2B1ACC3C1D6081DC00303BFC /* background1.xml */,
				2B1ACC3D1D6081DC00303BFC /* button_background.xml */,
				2B1ACC3E1D6081DC00303BFC /* button_disabled.9@2x.png */,
				2B1ACC3F1D6081DC00303BFC /* button_normal.9@2x.png */,
				2B1ACC401D6081DC00303BFC /* button_pressed.9@2x.png */,
			);
			path = drawables;
			sourceTree = "<group>";
		};
		2B1ACC411D6081DC00303BFC /* layouts */ = {
			isa = PBXGroup;
			children = (
				2B1ACC421D6081DC00303BFC /* animations.xml */,
				2B1ACC431D6081DC00303BFC /* collectionViewCell.xml */,
				2B1ACC441D6081DC00303BFC /* formular.xml */,
				2B1ACC451D6081DC00303BFC /* formular~ipad.xml */,
				2B1ACC461D6081DC00303BFC /* includeChild1.xml */,
				2B1ACC471D6081DC00303BFC /* includeChild2.xml */,
				2B1ACC481D6081DC00303BFC /* includeContainer.xml */,
				2B1ACC491D6081DC00303BFC /* layoutFromIB.xml */,
				2B1ACC4A1D6081DC00303BFC /* mainCell.xml */,
				2B1ACC4B1D6081DC00303BFC /* scrollviews.xml */,
			);
			path = layouts;
			sourceTree = "<group>";
		};
		2B1ACC4C1D6081DC00303BFC /* values */ = {
			isa = PBXGroup;
			children = (
				2B1ACC4D1D6081DC00303BFC /* values.xml */,
			);
			path = values;
			sourceTree = "<group>";
		};
		2B1ACC4E1D6081DC00303BFC /* xibs */ = {
			isa = PBXGroup;
			children = (
				2B1ACC4F1D6081DC00303BFC /* LayoutFromIB.xib */,
			);
			path = xibs;
			sourceTree = "<group>";
		};
		2B1ACEA91D60908200303BFC /* UILayoutKit */ = {
			isa = PBXGroup;
			children = (
				2B1ACEE91D60908200303BFC /* UILayoutKit.h */,
				2B1ACEAA1D60908200303BFC /* FrameLayout */,
				2B1ACEB01D60908200303BFC /* LinearLayout */,
				2B1ACEB51D60908200303BFC /* RelativeLayout */,
				2B1ACEC81D60908200303BFC /* UIKitExtension */,
			);
			path = UILayoutKit;
			sourceTree = "<group>";
		};
		2B1ACEAA1D60908200303BFC /* FrameLayout */ = {
			isa = PBXGroup;
			children = (
				2B1ACEAB1D60908200303BFC /* ULKFrameLayout.h */,
				2B1ACEAC1D60908200303BFC /* ULKFrameLayout.m */,
				2B1ACEAD1D60908200303BFC /* ULKFrameLayoutParams.h */,
				2B1ACEAE1D60908200303BFC /* ULKFrameLayoutParams.m */,
			);
			path = FrameLayout;
			sourceTree = "<group>";
		};
		2B1ACEB01D60908200303BFC /* LinearLayout */ = {
			isa = PBXGroup;
			children = (
				2B1ACEB11D60908200303BFC /* ULKLinearLayout.h */,
				2B1ACEB21D60908200303BFC /* ULKLinearLayout.m */,
				2B1ACEB31D60908200303BFC /* ULKLinearLayoutParams.h */,
				2B1ACEB41D60908200303BFC /* ULKLinearLayoutParams.m */,
			);
			path = LinearLayout;
			sourceTree = "<group>";
		};
		2B1ACEB51D60908200303BFC /* RelativeLayout */ = {
			isa = PBXGroup;
			children = (
				2B1ACEB61D60908200303BFC /* ULKDependencyGraph.h */,
				2B1ACEB71D60908200303BFC /* ULKDependencyGraph.m */,
				2B1ACEB81D60908200303BFC /* ULKDependencyGraphNode.h */,
				2B1ACEB91D60908200303BFC /* ULKDependencyGraphNode.m */,
				2B1ACEBA1D60908200303BFC /* ULKRelativeLayout.h */,
				2B1ACEBB1D60908200303BFC /* ULKRelativeLayout.m */,
				2B1ACEBC1D60908200303BFC /* ULKRelativeLayoutParams.h */,
				2B1ACEBD1D60908200303BFC /* ULKRelativeLayoutParams.m */,
				2B1ACEBE1D60908200303BFC /* Utils */,
			);
			path = RelativeLayout;
			sourceTree = "<group>";
		};
		2B1ACEBE1D60908200303BFC /* Utils */ = {
			isa = PBXGroup;
			children = (
				2B1ACEBF1D60908200303BFC /* ULKFinitePool.h */,
				2B1ACEC01D60908200303BFC /* ULKFinitePool.m */,
				2B1ACEC11D60908200303BFC /* ULKPool.h */,
				2B1ACEC21D60908200303BFC /* ULKPoolable.h */,
				2B1ACEC31D60908200303BFC /* ULKPoolableManager.h */,
				2B1ACEC41D60908200303BFC /* ULKPools.h */,
				2B1ACEC51D60908200303BFC /* ULKPools.m */,
				2B1ACEC61D60908200303BFC /* ULKSynchronizedPool.h */,
				2B1ACEC71D60908200303BFC /* ULKSynchronizedPool.m */,
			);
			path = Utils;
			sourceTree = "<group>";
		};
		2B1ACEC81D60908200303BFC /* UIKitExtension */ = {
			isa = PBXGroup;
			children = (
				2B1ACEC91D60908200303BFC /* Categories */,
				2B1ACEE21D60908200303BFC /* ULKGravity.h */,
				2B1ACEE31D60908200303BFC /* ULKGravity.m */,
				2B1ACEE41D60908200303BFC /* ULKLayoutParams.h */,
				2B1ACEE51D60908200303BFC /* ULKLayoutParams.m */,
				2B1ACEE61D60908200303BFC /* ULKViewGroup.h */,
				2B1ACEE71D60908200303BFC /* ULKViewGroup.m */,
			);
			path = UIKitExtension;
			sourceTree = "<group>";
		};
		2B1ACEC91D60908200303BFC /* Categories */ = {
			isa = PBXGroup;
			children = (
				2B1ACECA1D60908200303BFC /* UIButton+ULK_View.h */,
				2B1ACECB1D60908200303BFC /* UIButton+ULK_View.m */,
				2B1ACECC1D60908200303BFC /* UIControl+ULK_View.h */,
				2B1ACECD1D60908200303BFC /* UIControl+ULK_View.m */,
				2B1ACECE1D60908200303BFC /* UIImageView+ULK_View.h */,
				2B1ACECF1D60908200303BFC /* UIImageView+ULK_View.m */,
				2B1ACED01D60908200303BFC /* UILabel+ULK_View.h */,
				2B1ACED11D60908200303BFC /* UILabel+ULK_View.m */,
				2B1ACED21D60908200303BFC /* UINavigationBar+ULK_View.h */,
				2B1ACED31D60908200303BFC /* UINavigationBar+ULK_View.m */,
				2B1ACED41D60908200303BFC /* UISearchBar+ULK_View.h */,
				2B1ACED51D60908200303BFC /* UISearchBar+ULK_View.m */,
				2B1ACED61D60908200303BFC /* UISwitch+ULK_View.h */,
				2B1ACED71D60908200303BFC /* UISwitch+ULK_View.m */,
				2B1ACED81D60908200303BFC /* UITextField+ULK_View.h */,
				2B1ACED91D60908200303BFC /* UITextField+ULK_View.m */,
				2B1ACEDA1D60908200303BFC /* UITextView+ULK_View.h */,
				2B1ACEDB1D60908200303BFC /* UITextView+ULK_View.m */,
				2B1ACEDC1D60908200303BFC /* UIToolbar+ULK_View.h */,
				2B1ACEDD1D60908200303BFC /* UIToolbar+ULK_View.m */,
				2B1ACEDE1D60908200303BFC /* UIView+ULK_Layout.h */,
				2B1ACEDF1D60908200303BFC /* UIView+ULK_Layout.m */,
				2B1ACEE01D60908200303BFC /* UIView+ULK_ViewGroup.h */,
				2B1ACEE11D60908200303BFC /* UIView+ULK_ViewGroup.m */,
				2BD4B33B1D658DE100CB3011 /* UIScrollView+ULK_ViewGroup.h */,
				2BD4B33C1D658DE100CB3011 /* UIScrollView+ULK_ViewGroup.m */,
			);
			path = Categories;
			sourceTree = "<group>";
		};
		2B1ACEED1D60908200303BFC /* UILayoutKitXMLParser */ = {
			isa = PBXGroup;
			children = (
				2B1ACF201D60908200303BFC /* UILayoutKitXmlParser.h */,
				2B1ACEEE1D60908200303BFC /* Inflater */,
				2B1ACEF61D60908200303BFC /* LayoutBridge */,
				2B1ACEF91D60908200303BFC /* Resources */,
				2B1ACF211D60908200303BFC /* Utils */,
				2B1ACF331D60908200303BFC /* ViewController */,
			);
			path = UILayoutKitXMLParser;
			sourceTree = "<group>";
		};
		2B1ACEEE1D60908200303BFC /* Inflater */ = {
			isa = PBXGroup;
			children = (
				2B1ACEEF1D60908200303BFC /* UIKit+ULK_XMLParser.h */,
				2B1ACEF01D60908200303BFC /* UIKit+ULK_XMLParser.m */,
				2B1ACEF11D60908200303BFC /* ULKBaseViewFactory.h */,
				2B1ACEF21D60908200303BFC /* ULKBaseViewFactory.m */,
				2B1ACEF31D60908200303BFC /* ULKLayoutInflater.h */,
				2B1ACEF41D60908200303BFC /* ULKLayoutInflater.m */,
				2B1ACEF51D60908200303BFC /* ULKViewFactory.h */,
			);
			path = Inflater;
			sourceTree = "<group>";
		};
		2B1ACEF61D60908200303BFC /* LayoutBridge */ = {
			isa = PBXGroup;
			children = (
				2B1ACEF71D60908200303BFC /* ULKLayoutBridge.h */,
				2B1ACEF81D60908200303BFC /* ULKLayoutBridge.m */,
			);
			path = LayoutBridge;
			sourceTree = "<group>";
		};
		2B1ACEF91D60908200303BFC /* Resources */ = {
			isa = PBXGroup;
			children = (
				2B1ACEFA1D60908200303BFC /* NSDictionary+ULK_ResourceManager.h */,
				2B1ACEFB1D60908200303BFC /* NSDictionary+ULK_ResourceManager.m */,
				2B1ACEFC1D60908200303BFC /* StateList */,
				2B1ACF0D1D60908200303BFC /* ULKResourceManager+Core.h */,
				2B1ACF0E1D60908200303BFC /* ULKResourceManager+Drawable.h */,
				2B1ACF0F1D60908200303BFC /* ULKResourceManager+Drawable.m */,
				2B1ACF101D60908200303BFC /* ULKResourceManager+String.h */,
				2B1ACF111D60908200303BFC /* ULKResourceManager+String.m */,
				2B1ACF121D60908200303BFC /* ULKResourceManager+ULK_Internal.h */,
				2B1ACF131D60908200303BFC /* ULKResourceManager+ULKIDL_Internal.m */,
				2B1ACF141D60908200303BFC /* ULKResourceManager.h */,
				2B1ACF151D60908200303BFC /* ULKResourceManager.m */,
				2B1ACF161D60908200303BFC /* ULKXMLCache.h */,
				2B1ACF171D60908200303BFC /* ULKXMLCache.m */,
				2B1ACF181D60908200303BFC /* Values */,
			);
			path = Resources;
			sourceTree = "<group>";
		};
		2B1ACEFC1D60908200303BFC /* StateList */ = {
			isa = PBXGroup;
			children = (
				2B1ACEFD1D60908200303BFC /* ULKColorStateItem+ULK_Internal.h */,
				2B1ACEFE1D60908200303BFC /* ULKColorStateItem.h */,
				2B1ACEFF1D60908200303BFC /* ULKColorStateItem.m */,
				2B1ACF001D60908200303BFC /* ULKColorStateList.h */,
				2B1ACF011D60908200303BFC /* ULKColorStateList.m */,
				2B1ACF021D60908200303BFC /* ULKDrawableStateItem+ULK_Internal.h */,
				2B1ACF031D60908200303BFC /* ULKDrawableStateItem.h */,
				2B1ACF041D60908200303BFC /* ULKDrawableStateItem.m */,
				2B1ACF051D60908200303BFC /* ULKDrawableStateList.h */,
				2B1ACF061D60908200303BFC /* ULKDrawableStateList.m */,
				2B1ACF071D60908200303BFC /* ULKResourceStateItem+ULK_Internal.h */,
				2B1ACF081D60908200303BFC /* ULKResourceStateItem.h */,
				2B1ACF091D60908200303BFC /* ULKResourceStateItem.m */,
				2B1ACF0A1D60908200303BFC /* ULKResourceStateList+ULK_Internal.h */,
				2B1ACF0B1D60908200303BFC /* ULKResourceStateList.h */,
				2B1ACF0C1D60908200303BFC /* ULKResourceStateList.m */,
			);
			path = StateList;
			sourceTree = "<group>";
		};
		2B1ACF181D60908200303BFC /* Values */ = {
			isa = PBXGroup;
			children = (
				2B1ACF191D60908200303BFC /* ULKResourceValueSet.h */,
				2B1ACF1A1D60908200303BFC /* ULKResourceValueSet.m */,
				2B1ACF1B1D60908200303BFC /* ULKStringArray.h */,
				2B1ACF1C1D60908200303BFC /* ULKStringArray.m */,
				2B1ACF1D1D60908200303BFC /* ULKStyle+ULK_Internal.h */,
				2B1ACF1E1D60908200303BFC /* ULKStyle.h */,
				2B1ACF1F1D60908200303BFC /* ULKStyle.m */,
			);
			path = Values;
			sourceTree = "<group>";
		};
		2B1ACF211D60908200303BFC /* Utils */ = {
			isa = PBXGroup;
			children = (
				2B1ACF221D60908200303BFC /* NSObject+ULK_KVOObserver.h */,
				2B1ACF231D60908200303BFC /* NSObject+ULK_KVOObserver.m */,
				2B1ACF241D60908200303BFC /* TBXML */,
				2B1ACF271D60908200303BFC /* TBXML+ULK.h */,
				2B1ACF281D60908200303BFC /* TBXML+ULK.m */,
				2B1ACF291D60908200303BFC /* UIColor+ULK_ColorParser.h */,
				2B1ACF2A1D60908200303BFC /* UIColor+ULK_ColorParser.m */,
				2B1ACF2B1D60908200303BFC /* UIImage+ULK_FromColor.h */,
				2B1ACF2C1D60908200303BFC /* UIImage+ULK_FromColor.m */,
				2B1ACF2D1D60908200303BFC /* UIImage+ULKNinePatch.h */,
				2B1ACF2E1D60908200303BFC /* UIImage+ULKNinePatch.m */,
				2B1ACF2F1D60908200303BFC /* ULKCollectionViewCell.h */,
				2B1ACF301D60908200303BFC /* ULKCollectionViewCell.m */,
				2B1ACF311D60908200303BFC /* ULKTableViewCell.h */,
				2B1ACF321D60908200303BFC /* ULKTableViewCell.m */,
			);
			path = Utils;
			sourceTree = "<group>";
		};
		2B1ACF241D60908200303BFC /* TBXML */ = {
			isa = PBXGroup;
			children = (
				2B1ACF251D60908200303BFC /* TBXML.h */,
				2B1ACF261D60908200303BFC /* TBXML.m */,
			);
			path = TBXML;
			sourceTree = "<group>";
		};
		2B1ACF331D60908200303BFC /* ViewController */ = {
			isa = PBXGroup;
			children = (
				2B1ACF341D60908200303BFC /* ULKLayoutViewController.h */,
				2B1ACF351D60908200303BFC /* ULKLayoutViewController.m */,
			);
			path = ViewController;
			sourceTree = "<group>";
		};
		2B5DEAD61D3F963F00E13C76 /* UILayoutKit */ = {
			isa = PBXGroup;
			children = (
				2B5DEAD71D3F963F00E13C76 /* Documentation */,
				2B5DEAE11D3F963F00E13C76 /* LICENSE */,
				2B5DEAE21D3F963F00E13C76 /* README.md */,
				2B5DEB971D3F963F00E13C76 /* UILayoutKit.podspec */,
				2B5DEAE71D3F963F00E13C76 /* UILayoutKit */,
			);
			path = UILayoutKit;
			sourceTree = "<group>";
		};
		2B5DEAD71D3F963F00E13C76 /* Documentation */ = {
			isa = PBXGroup;
			children = (
				2B5DEAD81D3F963F00E13C76 /* drawable_button_normal.png */,
				2B5DEAD91D3F963F00E13C76 /* drawable_button_pressed.png */,
				2B5DEADA1D3F963F00E13C76 /* layout_example.png */,
			);
			path = Documentation;
			sourceTree = "<group>";
		};
		2B5DEAE71D3F963F00E13C76 /* UILayoutKit */ = {
			isa = PBXGroup;
			children = (
				2B1ACEA91D60908200303BFC /* UILayoutKit */,
				2B1ACEED1D60908200303BFC /* UILayoutKitXMLParser */,
			);
			path = UILayoutKit;
			sourceTree = "<group>";
		};
		2BEB75581D3F666300672260 = {
			isa = PBXGroup;
			children = (
				2B5DEAD61D3F963F00E13C76 /* UILayoutKit */,
				2B1ACC231D6081DC00303BFC /* UILayoutKitExample */,
				2BEB75621D3F666300672260 /* Products */,
				CA1C4190FD5F55F41E5A7A0E /* Pods */,
				5EC75A43FB6042E639E9D832 /* Frameworks */,
			);
			sourceTree = "<group>";
		};
		2BEB75621D3F666300672260 /* Products */ = {
			isa = PBXGroup;
			children = (
				2BEB75611D3F666300672260 /* UILayoutKitExample.app */,
			);
			name = Products;
			sourceTree = "<group>";
		};
		5EC75A43FB6042E639E9D832 /* Frameworks */ = {
			isa = PBXGroup;
			children = (
				C1CB0477A10BF8A1912094BF /* libPods-UILayoutKitExample.a */,
			);
			name = Frameworks;
			sourceTree = "<group>";
		};
		CA1C4190FD5F55F41E5A7A0E /* Pods */ = {
			isa = PBXGroup;
			children = (
				EED0F338E203C60892F55D68 /* Pods-UILayoutKitExample.debug.xcconfig */,
				F423245BCB01BDD57C8AEE1E /* Pods-UILayoutKitExample.release.xcconfig */,
			);
			name = Pods;
			sourceTree = "<group>";
		};
/* End PBXGroup section */

/* Begin PBXNativeTarget section */
		2BEB75601D3F666300672260 /* UILayoutKitExample */ = {
			isa = PBXNativeTarget;
			buildConfigurationList = 2BEB75781D3F666300672260 /* Build configuration list for PBXNativeTarget "UILayoutKitExample" */;
			buildPhases = (
				9CDA3558F5CF04414F822E93 /* 📦 Check Pods Manifest.lock */,
				2BEB755D1D3F666300672260 /* Sources */,
				2BEB755E1D3F666300672260 /* Frameworks */,
				2BEB755F1D3F666300672260 /* Resources */,
				0C29826E7887B07668C7BB1C /* 📦 Embed Pods Frameworks */,
				5A276D653C7ED0704D28A5A1 /* 📦 Copy Pods Resources */,
			);
			buildRules = (
			);
			dependencies = (
			);
			name = UILayoutKitExample;
			productName = UILayoutKitExample;
			productReference = 2BEB75611D3F666300672260 /* UILayoutKitExample.app */;
			productType = "com.apple.product-type.application";
		};
/* End PBXNativeTarget section */

/* Begin PBXProject section */
		2BEB75591D3F666300672260 /* Project object */ = {
			isa = PBXProject;
			attributes = {
				LastUpgradeCheck = 0730;
				ORGANIZATIONNAME = towik;
				TargetAttributes = {
					2BEB75601D3F666300672260 = {
						CreatedOnToolsVersion = 7.3.1;
					};
				};
			};
			buildConfigurationList = 2BEB755C1D3F666300672260 /* Build configuration list for PBXProject "UILayoutKitExample" */;
			compatibilityVersion = "Xcode 3.2";
			developmentRegion = English;
			hasScannedForEncodings = 0;
			knownRegions = (
				en,
				Base,
			);
			mainGroup = 2BEB75581D3F666300672260;
			productRefGroup = 2BEB75621D3F666300672260 /* Products */;
			projectDirPath = "";
			projectRoot = "";
			targets = (
				2BEB75601D3F666300672260 /* UILayoutKitExample */,
			);
		};
/* End PBXProject section */

/* Begin PBXResourcesBuildPhase section */
		2BEB755F1D3F666300672260 /* Resources */ = {
			isa = PBXResourcesBuildPhase;
			buildActionMask = 2147483647;
			files = (
				2B1ACC6B1D6081DC00303BFC /* mainCell.xml in Resources */,
				2B1ACC631D6081DC00303BFC /* animations.xml in Resources */,
				2B1ACC6E1D6081DC00303BFC /* LayoutFromIB.xib in Resources */,
				2B1ACC5C1D6081DC00303BFC /* button_color.xml in Resources */,
				2B1ACC5E1D6081DC00303BFC /* background1.xml in Resources */,
				2B1ACC681D6081DC00303BFC /* includeChild2.xml in Resources */,
				2B1ACC6D1D6081DC00303BFC /* values.xml in Resources */,
				2B1ACC5A1D6081DC00303BFC /* Info.plist in Resources */,
				2B5DEBA21D3F963F00E13C76 /* LICENSE in Resources */,
				2B1ACC5D1D6081DC00303BFC /* android.jpg in Resources */,
				2B1ACC641D6081DC00303BFC /* collectionViewCell.xml in Resources */,
				2B1ACC581D6081DC00303BFC /* InfoPlist.strings in Resources */,
				2B1ACC591D6081DC00303BFC /* Images.xcassets in Resources */,
				2B1ACC5F1D6081DC00303BFC /* button_background.xml in Resources */,
				2B1ACC601D6081DC00303BFC /* button_disabled.9@2x.png in Resources */,
				2B1ACC691D6081DC00303BFC /* includeContainer.xml in Resources */,
				2B5DEBA11D3F963F00E13C76 /* layout_example.png in Resources */,
				2B1ACC611D6081DC00303BFC /* button_normal.9@2x.png in Resources */,
				2B5DEB9F1D3F963F00E13C76 /* drawable_button_normal.png in Resources */,
				2B1ACC6A1D6081DC00303BFC /* layoutFromIB.xml in Resources */,
				2B5DEBA01D3F963F00E13C76 /* drawable_button_pressed.png in Resources */,
				2B1ACC6C1D6081DC00303BFC /* scrollviews.xml in Resources */,
				2B1ACC651D6081DC00303BFC /* formular.xml in Resources */,
				2B5DEBEC1D3F964000E13C76 /* UILayoutKit.podspec in Resources */,
				2B1ACC671D6081DC00303BFC /* includeChild1.xml in Resources */,
				2B1ACC661D6081DC00303BFC /* formular~ipad.xml in Resources */,
				2B1ACC621D6081DC00303BFC /* button_pressed.9@2x.png in Resources */,
			);
			runOnlyForDeploymentPostprocessing = 0;
		};
/* End PBXResourcesBuildPhase section */

/* Begin PBXShellScriptBuildPhase section */
		0C29826E7887B07668C7BB1C /* 📦 Embed Pods Frameworks */ = {
			isa = PBXShellScriptBuildPhase;
			buildActionMask = 2147483647;
			files = (
			);
			inputPaths = (
			);
			name = "📦 Embed Pods Frameworks";
			outputPaths = (
			);
			runOnlyForDeploymentPostprocessing = 0;
			shellPath = /bin/sh;
			shellScript = "\"${SRCROOT}/Pods/Target Support Files/Pods-UILayoutKitExample/Pods-UILayoutKitExample-frameworks.sh\"\n";
			showEnvVarsInLog = 0;
		};
		5A276D653C7ED0704D28A5A1 /* 📦 Copy Pods Resources */ = {
			isa = PBXShellScriptBuildPhase;
			buildActionMask = 2147483647;
			files = (
			);
			inputPaths = (
			);
			name = "📦 Copy Pods Resources";
			outputPaths = (
			);
			runOnlyForDeploymentPostprocessing = 0;
			shellPath = /bin/sh;
			shellScript = "\"${SRCROOT}/Pods/Target Support Files/Pods-UILayoutKitExample/Pods-UILayoutKitExample-resources.sh\"\n";
			showEnvVarsInLog = 0;
		};
		9CDA3558F5CF04414F822E93 /* 📦 Check Pods Manifest.lock */ = {
			isa = PBXShellScriptBuildPhase;
			buildActionMask = 2147483647;
			files = (
			);
			inputPaths = (
			);
			name = "📦 Check Pods Manifest.lock";
			outputPaths = (
			);
			runOnlyForDeploymentPostprocessing = 0;
			shellPath = /bin/sh;
			shellScript = "diff \"${PODS_ROOT}/../Podfile.lock\" \"${PODS_ROOT}/Manifest.lock\" > /dev/null\nif [[ $? != 0 ]] ; then\n    cat << EOM\nerror: The sandbox is not in sync with the Podfile.lock. Run 'pod install' or update your CocoaPods installation.\nEOM\n    exit 1\nfi\n";
			showEnvVarsInLog = 0;
		};
/* End PBXShellScriptBuildPhase section */

/* Begin PBXSourcesBuildPhase section */
		2BEB755D1D3F666300672260 /* Sources */ = {
			isa = PBXSourcesBuildPhase;
			buildActionMask = 2147483647;
			files = (
				2B1ACF5E1D60908200303BFC /* ULKResourceManager+ULKIDL_Internal.m in Sources */,
				2B1ACF431D60908200303BFC /* UIImageView+ULK_View.m in Sources */,
				2B1ACF5F1D60908200303BFC /* ULKResourceManager.m in Sources */,
				2B1ACF561D60908200303BFC /* ULKColorStateItem.m in Sources */,
				2B1ACF4B1D60908200303BFC /* UIView+ULK_Layout.m in Sources */,
				2B1ACF391D60908200303BFC /* ULKLinearLayoutParams.m in Sources */,
				2B1ACF651D60908200303BFC /* TBXML.m in Sources */,
				2B1ACF371D60908200303BFC /* ULKFrameLayoutParams.m in Sources */,
				2B1ACF381D60908200303BFC /* ULKLinearLayout.m in Sources */,
				2B1ACC6F1D6081DC00303BFC /* ULKAppDelegate.m in Sources */,
				2B1ACF611D60908200303BFC /* ULKResourceValueSet.m in Sources */,
				2B1ACF481D60908200303BFC /* UITextField+ULK_View.m in Sources */,
				2B1ACF3C1D60908200303BFC /* ULKRelativeLayout.m in Sources */,
				2B1ACF691D60908200303BFC /* UIImage+ULKNinePatch.m in Sources */,
				2B1ACF4E1D60908200303BFC /* ULKLayoutParams.m in Sources */,
				2B1ACF631D60908200303BFC /* ULKStyle.m in Sources */,
				2B1ACF4C1D60908200303BFC /* UIView+ULK_ViewGroup.m in Sources */,
				2B1ACF3E1D60908200303BFC /* ULKFinitePool.m in Sources */,
				2B1ACF3B1D60908200303BFC /* ULKDependencyGraphNode.m in Sources */,
				2B5DEBA31D3F963F00E13C76 /* README.md in Sources */,
				2B1ACC571D6081DC00303BFC /* MainViewController.m in Sources */,
				2B1ACF421D60908200303BFC /* UIControl+ULK_View.m in Sources */,
				2B1ACF591D60908200303BFC /* ULKDrawableStateList.m in Sources */,
				2B1ACC541D6081DC00303BFC /* ExampleCollectionViewCell.m in Sources */,
				2B1ACF471D60908200303BFC /* UISwitch+ULK_View.m in Sources */,
				2B1ACF6B1D60908200303BFC /* ULKTableViewCell.m in Sources */,
				2B1ACF681D60908200303BFC /* UIImage+ULK_FromColor.m in Sources */,
				2B1ACC551D6081DC00303BFC /* FormularViewController.m in Sources */,
				2B1ACF6C1D60908200303BFC /* ULKLayoutViewController.m in Sources */,
				2B1ACF3A1D60908200303BFC /* ULKDependencyGraph.m in Sources */,
				2B1ACF671D60908200303BFC /* UIColor+ULK_ColorParser.m in Sources */,
				2B1ACF3D1D60908200303BFC /* ULKRelativeLayoutParams.m in Sources */,
				2B1ACF4A1D60908200303BFC /* UIToolbar+ULK_View.m in Sources */,
				2B1ACF551D60908200303BFC /* NSDictionary+ULK_ResourceManager.m in Sources */,
				2B1ACF531D60908200303BFC /* ULKLayoutInflater.m in Sources */,
				2B1ACF5D1D60908200303BFC /* ULKResourceManager+String.m in Sources */,
				2BD4B33D1D658DE100CB3011 /* UIScrollView+ULK_ViewGroup.m in Sources */,
				2B1ACC561D6081DC00303BFC /* LayoutAnimationsViewController.m in Sources */,
				2B1ACF411D60908200303BFC /* UIButton+ULK_View.m in Sources */,
				2B1ACF401D60908200303BFC /* ULKSynchronizedPool.m in Sources */,
				2B1ACF511D60908200303BFC /* UIKit+ULK_XMLParser.m in Sources */,
				2B1ACF6A1D60908200303BFC /* ULKCollectionViewCell.m in Sources */,
				2B1ACF3F1D60908200303BFC /* ULKPools.m in Sources */,
				2B1ACF4D1D60908200303BFC /* ULKGravity.m in Sources */,
				2B1ACF571D60908200303BFC /* ULKColorStateList.m in Sources */,
				2B1ACF451D60908200303BFC /* UINavigationBar+ULK_View.m in Sources */,
				2B1ACF5B1D60908200303BFC /* ULKResourceStateList.m in Sources */,
				2B1ACC531D6081DC00303BFC /* CollectionViewItem.m in Sources */,
				2B1ACF5C1D60908200303BFC /* ULKResourceManager+Drawable.m in Sources */,
				2B1ACF5A1D60908200303BFC /* ULKResourceStateItem.m in Sources */,
				2B1ACF661D60908200303BFC /* TBXML+ULK.m in Sources */,
				2B1ACF641D60908200303BFC /* NSObject+ULK_KVOObserver.m in Sources */,
				2B1ACF4F1D60908200303BFC /* ULKViewGroup.m in Sources */,
				2B1ACF441D60908200303BFC /* UILabel+ULK_View.m in Sources */,
				2B1ACC521D6081DC00303BFC /* CollectionViewExampleViewController.m in Sources */,
				2B1ACF521D60908200303BFC /* ULKBaseViewFactory.m in Sources */,
				2B1ACF541D60908200303BFC /* ULKLayoutBridge.m in Sources */,
				2B1ACF581D60908200303BFC /* ULKDrawableStateItem.m in Sources */,
				2B1ACF491D60908200303BFC /* UITextView+ULK_View.m in Sources */,
				2B1ACF621D60908200303BFC /* ULKStringArray.m in Sources */,
				2B1ACF361D60908200303BFC /* ULKFrameLayout.m in Sources */,
				2B1ACF601D60908200303BFC /* ULKXMLCache.m in Sources */,
				2B1ACC5B1D6081DC00303BFC /* main.m in Sources */,
				2B1ACF461D60908200303BFC /* UISearchBar+ULK_View.m in Sources */,
			);
			runOnlyForDeploymentPostprocessing = 0;
		};
/* End PBXSourcesBuildPhase section */

/* Begin PBXVariantGroup section */
		2B1ACC311D6081DC00303BFC /* InfoPlist.strings */ = {
			isa = PBXVariantGroup;
			children = (
				2B1ACC321D6081DC00303BFC /* en */,
			);
			name = InfoPlist.strings;
			sourceTree = "<group>";
		};
/* End PBXVariantGroup section */

/* Begin XCBuildConfiguration section */
		2BEB75761D3F666300672260 /* Debug */ = {
			isa = XCBuildConfiguration;
			buildSettings = {
				ALWAYS_SEARCH_USER_PATHS = NO;
				CLANG_ANALYZER_NONNULL = YES;
				CLANG_CXX_LANGUAGE_STANDARD = "gnu++0x";
				CLANG_CXX_LIBRARY = "libc++";
				CLANG_ENABLE_MODULES = YES;
				CLANG_ENABLE_OBJC_ARC = YES;
				CLANG_WARN_BOOL_CONVERSION = YES;
				CLANG_WARN_CONSTANT_CONVERSION = YES;
				CLANG_WARN_DIRECT_OBJC_ISA_USAGE = YES_ERROR;
				CLANG_WARN_EMPTY_BODY = YES;
				CLANG_WARN_ENUM_CONVERSION = YES;
				CLANG_WARN_INT_CONVERSION = YES;
				CLANG_WARN_OBJC_ROOT_CLASS = YES_ERROR;
				CLANG_WARN_UNREACHABLE_CODE = YES;
				CLANG_WARN__DUPLICATE_METHOD_MATCH = YES;
				"CODE_SIGN_IDENTITY[sdk=iphoneos*]" = "iPhone Developer";
				COPY_PHASE_STRIP = NO;
				DEBUG_INFORMATION_FORMAT = dwarf;
				ENABLE_STRICT_OBJC_MSGSEND = YES;
				ENABLE_TESTABILITY = YES;
				GCC_C_LANGUAGE_STANDARD = gnu99;
				GCC_DYNAMIC_NO_PIC = NO;
				GCC_NO_COMMON_BLOCKS = YES;
				GCC_OPTIMIZATION_LEVEL = 0;
				GCC_PREPROCESSOR_DEFINITIONS = (
					"DEBUG=1",
					"$(inherited)",
				);
				GCC_WARN_64_TO_32_BIT_CONVERSION = YES;
				GCC_WARN_ABOUT_RETURN_TYPE = YES_ERROR;
				GCC_WARN_UNDECLARED_SELECTOR = YES;
				GCC_WARN_UNINITIALIZED_AUTOS = YES_AGGRESSIVE;
				GCC_WARN_UNUSED_FUNCTION = YES;
				GCC_WARN_UNUSED_VARIABLE = YES;
				IPHONEOS_DEPLOYMENT_TARGET = 9.3;
				MTL_ENABLE_DEBUG_INFO = YES;
				ONLY_ACTIVE_ARCH = YES;
				SDKROOT = iphoneos;
				TARGETED_DEVICE_FAMILY = "1,2";
			};
			name = Debug;
		};
		2BEB75771D3F666300672260 /* Release */ = {
			isa = XCBuildConfiguration;
			buildSettings = {
				ALWAYS_SEARCH_USER_PATHS = NO;
				CLANG_ANALYZER_NONNULL = YES;
				CLANG_CXX_LANGUAGE_STANDARD = "gnu++0x";
				CLANG_CXX_LIBRARY = "libc++";
				CLANG_ENABLE_MODULES = YES;
				CLANG_ENABLE_OBJC_ARC = YES;
				CLANG_WARN_BOOL_CONVERSION = YES;
				CLANG_WARN_CONSTANT_CONVERSION = YES;
				CLANG_WARN_DIRECT_OBJC_ISA_USAGE = YES_ERROR;
				CLANG_WARN_EMPTY_BODY = YES;
				CLANG_WARN_ENUM_CONVERSION = YES;
				CLANG_WARN_INT_CONVERSION = YES;
				CLANG_WARN_OBJC_ROOT_CLASS = YES_ERROR;
				CLANG_WARN_UNREACHABLE_CODE = YES;
				CLANG_WARN__DUPLICATE_METHOD_MATCH = YES;
				"CODE_SIGN_IDENTITY[sdk=iphoneos*]" = "iPhone Developer";
				COPY_PHASE_STRIP = NO;
				DEBUG_INFORMATION_FORMAT = "dwarf-with-dsym";
				ENABLE_NS_ASSERTIONS = NO;
				ENABLE_STRICT_OBJC_MSGSEND = YES;
				GCC_C_LANGUAGE_STANDARD = gnu99;
				GCC_NO_COMMON_BLOCKS = YES;
				GCC_WARN_64_TO_32_BIT_CONVERSION = YES;
				GCC_WARN_ABOUT_RETURN_TYPE = YES_ERROR;
				GCC_WARN_UNDECLARED_SELECTOR = YES;
				GCC_WARN_UNINITIALIZED_AUTOS = YES_AGGRESSIVE;
				GCC_WARN_UNUSED_FUNCTION = YES;
				GCC_WARN_UNUSED_VARIABLE = YES;
				IPHONEOS_DEPLOYMENT_TARGET = 9.3;
				MTL_ENABLE_DEBUG_INFO = NO;
				SDKROOT = iphoneos;
				TARGETED_DEVICE_FAMILY = "1,2";
				VALIDATE_PRODUCT = YES;
			};
			name = Release;
		};
		2BEB75791D3F666300672260 /* Debug */ = {
			isa = XCBuildConfiguration;
			baseConfigurationReference = EED0F338E203C60892F55D68 /* Pods-UILayoutKitExample.debug.xcconfig */;
			buildSettings = {
				ASSETCATALOG_COMPILER_APPICON_NAME = AppIcon;
				INFOPLIST_FILE = UILayoutKitExample/Info.plist;
				LD_RUNPATH_SEARCH_PATHS = "$(inherited) @executable_path/Frameworks";
				PRODUCT_BUNDLE_IDENTIFIER = towik.UILayoutKitExample;
				PRODUCT_NAME = "$(TARGET_NAME)";
			};
			name = Debug;
		};
		2BEB757A1D3F666300672260 /* Release */ = {
			isa = XCBuildConfiguration;
			baseConfigurationReference = F423245BCB01BDD57C8AEE1E /* Pods-UILayoutKitExample.release.xcconfig */;
			buildSettings = {
				ASSETCATALOG_COMPILER_APPICON_NAME = AppIcon;
				INFOPLIST_FILE = UILayoutKitExample/Info.plist;
				LD_RUNPATH_SEARCH_PATHS = "$(inherited) @executable_path/Frameworks";
				PRODUCT_BUNDLE_IDENTIFIER = towik.UILayoutKitExample;
				PRODUCT_NAME = "$(TARGET_NAME)";
			};
			name = Release;
		};
/* End XCBuildConfiguration section */

/* Begin XCConfigurationList section */
		2BEB755C1D3F666300672260 /* Build configuration list for PBXProject "UILayoutKitExample" */ = {
			isa = XCConfigurationList;
			buildConfigurations = (
				2BEB75761D3F666300672260 /* Debug */,
				2BEB75771D3F666300672260 /* Release */,
			);
			defaultConfigurationIsVisible = 0;
			defaultConfigurationName = Release;
		};
		2BEB75781D3F666300672260 /* Build configuration list for PBXNativeTarget "UILayoutKitExample" */ = {
			isa = XCConfigurationList;
			buildConfigurations = (
				2BEB75791D3F666300672260 /* Debug */,
				2BEB757A1D3F666300672260 /* Release */,
			);
			defaultConfigurationIsVisible = 0;
			defaultConfigurationName = Release;
		};
/* End XCConfigurationList section */
	};
	rootObject = 2BEB75591D3F666300672260 /* Project object */;
}
